// !$*UTF8*$!
{
	archiveVersion = 1;
	classes = {
	};
	objectVersion = 46;
	objects = {

/* Begin PBXBuildFile section */
		1AC6FB21180E996B004C840B /* libcocos2d Mac.a in Frameworks */ = {isa = PBXBuildFile; fileRef = 1AC6FAF9180E9839004C840B /* libcocos2d Mac.a */; };
		1AC6FB30180E99EB004C840B /* libcocos2d iOS.a in Frameworks */ = {isa = PBXBuildFile; fileRef = 1AC6FB07180E9839004C840B /* libcocos2d iOS.a */; };
		1D60589F0D05DD5A006BFB54 /* Foundation.framework in Frameworks */ = {isa = PBXBuildFile; fileRef = 1D30AB110D05D00D00671497 /* Foundation.framework */; };
		1DF5F4E00D08C38300B7A737 /* UIKit.framework in Frameworks */ = {isa = PBXBuildFile; fileRef = 1DF5F4DF0D08C38300B7A737 /* UIKit.framework */; };
		288765A50DF7441C002DB57D /* CoreGraphics.framework in Frameworks */ = {isa = PBXBuildFile; fileRef = 288765A40DF7441C002DB57D /* CoreGraphics.framework */; };
		294D0D641D0D56D500F7F5D4 /* CoreText.framework in Frameworks */ = {isa = PBXBuildFile; fileRef = 294D0D631D0D56D500F7F5D4 /* CoreText.framework */; };
		3EACC98F19EE6D4300EB3C5E /* res in Resources */ = {isa = PBXBuildFile; fileRef = 3EACC98E19EE6D4300EB3C5E /* res */; };
		3EACC99019EE6D4300EB3C5E /* res in Resources */ = {isa = PBXBuildFile; fileRef = 3EACC98E19EE6D4300EB3C5E /* res */; };
		46880B8819C43A87006E1F66 /* AppDelegate.cpp in Sources */ = {isa = PBXBuildFile; fileRef = 46880B8419C43A87006E1F66 /* AppDelegate.cpp */; };
		46880B8919C43A87006E1F66 /* AppDelegate.cpp in Sources */ = {isa = PBXBuildFile; fileRef = 46880B8419C43A87006E1F66 /* AppDelegate.cpp */; };
		503AE0F817EB97AB00D1A890 /* Icon.icns in Resources */ = {isa = PBXBuildFile; fileRef = 503AE0F617EB97AB00D1A890 /* Icon.icns */; };
		503AE10017EB989F00D1A890 /* AppController.mm in Sources */ = {isa = PBXBuildFile; fileRef = 503AE0FB17EB989F00D1A890 /* AppController.mm */; };
		503AE10117EB989F00D1A890 /* main.m in Sources */ = {isa = PBXBuildFile; fileRef = 503AE0FC17EB989F00D1A890 /* main.m */; };
		503AE10217EB989F00D1A890 /* RootViewController.mm in Sources */ = {isa = PBXBuildFile; fileRef = 503AE0FF17EB989F00D1A890 /* RootViewController.mm */; };
		503AE10517EB98FF00D1A890 /* main.cpp in Sources */ = {isa = PBXBuildFile; fileRef = 503AE10317EB98FF00D1A890 /* main.cpp */; };
		503AE11B17EB9C5A00D1A890 /* IOKit.framework in Frameworks */ = {isa = PBXBuildFile; fileRef = 503AE11A17EB9C5A00D1A890 /* IOKit.framework */; };
		5087E76317EB910900C73F5D /* Foundation.framework in Frameworks */ = {isa = PBXBuildFile; fileRef = 1D30AB110D05D00D00671497 /* Foundation.framework */; };
		5087E76717EB910900C73F5D /* libz.dylib in Frameworks */ = {isa = PBXBuildFile; fileRef = BF170DB412928DE900B8313A /* libz.dylib */; };
		5087E76817EB910900C73F5D /* QuartzCore.framework in Frameworks */ = {isa = PBXBuildFile; fileRef = BF1C47EA1293683800B63C5D /* QuartzCore.framework */; };
		5087E76917EB910900C73F5D /* OpenAL.framework in Frameworks */ = {isa = PBXBuildFile; fileRef = D44C620B132DFF330009C878 /* OpenAL.framework */; };
		5087E76A17EB910900C73F5D /* AVFoundation.framework in Frameworks */ = {isa = PBXBuildFile; fileRef = D44C620D132DFF430009C878 /* AVFoundation.framework */; };
		5087E76B17EB910900C73F5D /* AudioToolbox.framework in Frameworks */ = {isa = PBXBuildFile; fileRef = D44C620F132DFF4E0009C878 /* AudioToolbox.framework */; };
		5087E78917EB974C00C73F5D /* AppKit.framework in Frameworks */ = {isa = PBXBuildFile; fileRef = 5087E78817EB974C00C73F5D /* AppKit.framework */; };
		5087E78B17EB975400C73F5D /* OpenGL.framework in Frameworks */ = {isa = PBXBuildFile; fileRef = 5087E78A17EB975400C73F5D /* OpenGL.framework */; };
		521A8EA919F11F5000D177D7 /* fonts in Resources */ = {isa = PBXBuildFile; fileRef = 521A8EA819F11F5000D177D7 /* fonts */; };
		521A8EAA19F11F5000D177D7 /* fonts in Resources */ = {isa = PBXBuildFile; fileRef = 521A8EA819F11F5000D177D7 /* fonts */; };
		52B47A471A53D09C004E4C60 /* Security.framework in Frameworks */ = {isa = PBXBuildFile; fileRef = 52B47A461A53D09B004E4C60 /* Security.framework */; };
		8262943E1AAF051F00CB7CF7 /* Security.framework in Frameworks */ = {isa = PBXBuildFile; fileRef = 8262943D1AAF051F00CB7CF7 /* Security.framework */; };
		84055AC61D3F09DA000B4A04 /* CollisionManager.cpp in Sources */ = {isa = PBXBuildFile; fileRef = 84055A8C1D3F09DA000B4A04 /* CollisionManager.cpp */; };
		84055AC71D3F09DA000B4A04 /* MotionProcessor-Backup.cpp in Sources */ = {isa = PBXBuildFile; fileRef = 84055A8E1D3F09DA000B4A04 /* MotionProcessor-Backup.cpp */; };
		84055AC81D3F09DA000B4A04 /* MotionProcessor.cpp in Sources */ = {isa = PBXBuildFile; fileRef = 84055A8F1D3F09DA000B4A04 /* MotionProcessor.cpp */; };
		84055AC91D3F09DA000B4A04 /* MessageDialog.cpp in Sources */ = {isa = PBXBuildFile; fileRef = 84055A911D3F09DA000B4A04 /* MessageDialog.cpp */; };
		84055ACA1D3F09DA000B4A04 /* CustomActions.cpp in Sources */ = {isa = PBXBuildFile; fileRef = 84055A931D3F09DA000B4A04 /* CustomActions.cpp */; };
		84055ACB1D3F09DA000B4A04 /* ShipConfig.cpp in Sources */ = {isa = PBXBuildFile; fileRef = 84055A951D3F09DA000B4A04 /* ShipConfig.cpp */; };
		84055ACC1D3F09DA000B4A04 /* CustomGLPrograms.cpp in Sources */ = {isa = PBXBuildFile; fileRef = 84055A971D3F09DA000B4A04 /* CustomGLPrograms.cpp */; };
		84055ACD1D3F09DA000B4A04 /* BlurFilter.cpp in Sources */ = {isa = PBXBuildFile; fileRef = 84055A991D3F09DA000B4A04 /* BlurFilter.cpp */; };
		84055ACE1D3F09DA000B4A04 /* DownloadPicture.cpp in Sources */ = {isa = PBXBuildFile; fileRef = 84055A9B1D3F09DA000B4A04 /* DownloadPicture.cpp */; };
		84055ACF1D3F09DA000B4A04 /* SoundManager.cpp in Sources */ = {isa = PBXBuildFile; fileRef = 84055A9D1D3F09DA000B4A04 /* SoundManager.cpp */; };
		84055AD01D3F09DA000B4A04 /* OpenURL.cpp in Sources */ = {isa = PBXBuildFile; fileRef = 84055A9F1D3F09DA000B4A04 /* OpenURL.cpp */; };
		84055AD11D3F09DA000B4A04 /* ScoreManager.cpp in Sources */ = {isa = PBXBuildFile; fileRef = 84055AA11D3F09DA000B4A04 /* ScoreManager.cpp */; };
		84055AD21D3F09DA000B4A04 /* FacebookManager.cpp in Sources */ = {isa = PBXBuildFile; fileRef = 84055AA31D3F09DA000B4A04 /* FacebookManager.cpp */; };
		84055AD31D3F09DA000B4A04 /* GameCenterManager.cpp in Sources */ = {isa = PBXBuildFile; fileRef = 84055AA51D3F09DA000B4A04 /* GameCenterManager.cpp */; };
		84055AD41D3F09DA000B4A04 /* ExampleScoreManager.cpp in Sources */ = {isa = PBXBuildFile; fileRef = 84055AA71D3F09DA000B4A04 /* ExampleScoreManager.cpp */; };
		84055AD51D3F09DA000B4A04 /* MultiPurposeScene.cpp in Sources */ = {isa = PBXBuildFile; fileRef = 84055AA91D3F09DA000B4A04 /* MultiPurposeScene.cpp */; };
		84055AD61D3F09DA000B4A04 /* GameScene.cpp in Sources */ = {isa = PBXBuildFile; fileRef = 84055AAB1D3F09DA000B4A04 /* GameScene.cpp */; };
		84055AD71D3F09DA000B4A04 /* PlayerNode.cpp in Sources */ = {isa = PBXBuildFile; fileRef = 84055AAD1D3F09DA000B4A04 /* PlayerNode.cpp */; };
		84055AD81D3F09DA000B4A04 /* ScoreNode.cpp in Sources */ = {isa = PBXBuildFile; fileRef = 84055AAF1D3F09DA000B4A04 /* ScoreNode.cpp */; };
		84055AD91D3F09DA000B4A04 /* LifeMarker.cpp in Sources */ = {isa = PBXBuildFile; fileRef = 84055AB11D3F09DA000B4A04 /* LifeMarker.cpp */; };
		84055ADA1D3F09DA000B4A04 /* TutorialNode.cpp in Sources */ = {isa = PBXBuildFile; fileRef = 84055AB31D3F09DA000B4A04 /* TutorialNode.cpp */; };
		84055ADB1D3F09DA000B4A04 /* BezierNode.cpp in Sources */ = {isa = PBXBuildFile; fileRef = 84055AB51D3F09DA000B4A04 /* BezierNode.cpp */; };
		84055ADC1D3F09DA000B4A04 /* HazardSelector.cpp in Sources */ = {isa = PBXBuildFile; fileRef = 84055AB71D3F09DA000B4A04 /* HazardSelector.cpp */; };
		84055ADD1D3F09DA000B4A04 /* HazardSelector-Spawners.cpp in Sources */ = {isa = PBXBuildFile; fileRef = 84055AB81D3F09DA000B4A04 /* HazardSelector-Spawners.cpp */; };
		84055ADE1D3F09DA000B4A04 /* PowerupSpawner.cpp in Sources */ = {isa = PBXBuildFile; fileRef = 84055ABA1D3F09DA000B4A04 /* PowerupSpawner.cpp */; };
		84055ADF1D3F09DA000B4A04 /* ResultNode.cpp in Sources */ = {isa = PBXBuildFile; fileRef = 84055ABC1D3F09DA000B4A04 /* ResultNode.cpp */; };
		84055AE01D3F09DA000B4A04 /* ScoreTable.cpp in Sources */ = {isa = PBXBuildFile; fileRef = 84055ABE1D3F09DA000B4A04 /* ScoreTable.cpp */; };
		84055AE11D3F09DA000B4A04 /* BackgroundNode.cpp in Sources */ = {isa = PBXBuildFile; fileRef = 84055AC01D3F09DA000B4A04 /* BackgroundNode.cpp */; };
		84055AE21D3F09DA000B4A04 /* DownloadedPhotoNode.cpp in Sources */ = {isa = PBXBuildFile; fileRef = 84055AC21D3F09DA000B4A04 /* DownloadedPhotoNode.cpp */; };
		84055AE31D3F09DA000B4A04 /* FacebookLoginButton.cpp in Sources */ = {isa = PBXBuildFile; fileRef = 84055AC41D3F09DA000B4A04 /* FacebookLoginButton.cpp */; };
		84D5068F1D68E19800C9C666 /* gpg.bundle in Resources */ = {isa = PBXBuildFile; fileRef = 84D5068D1D68E19800C9C666 /* gpg.bundle */; };
		84D506901D68E19800C9C666 /* gpg.framework in Frameworks */ = {isa = PBXBuildFile; fileRef = 84D5068E1D68E19800C9C666 /* gpg.framework */; };
		84D506951D68E1A900C9C666 /* GoogleOpenSource.framework in Frameworks */ = {isa = PBXBuildFile; fileRef = 84D506921D68E1A900C9C666 /* GoogleOpenSource.framework */; };
		84D506961D68E1A900C9C666 /* GoogleSignIn.bundle in Resources */ = {isa = PBXBuildFile; fileRef = 84D506931D68E1A900C9C666 /* GoogleSignIn.bundle */; };
		84D506971D68E1A900C9C666 /* GoogleSignIn.framework in Frameworks */ = {isa = PBXBuildFile; fileRef = 84D506941D68E1A900C9C666 /* GoogleSignIn.framework */; };
		84D506991D68E1D500C9C666 /* AddressBook.framework in Frameworks */ = {isa = PBXBuildFile; fileRef = 84D506981D68E1D500C9C666 /* AddressBook.framework */; };
		84D5069B1D68E1DA00C9C666 /* AssetsLibrary.framework in Frameworks */ = {isa = PBXBuildFile; fileRef = 84D5069A1D68E1DA00C9C666 /* AssetsLibrary.framework */; };
		84D5069D1D68E1E100C9C666 /* CoreData.framework in Frameworks */ = {isa = PBXBuildFile; fileRef = 84D5069C1D68E1E000C9C666 /* CoreData.framework */; };
		84D506A11D68E1F500C9C666 /* CoreLocation.framework in Frameworks */ = {isa = PBXBuildFile; fileRef = 84D5069E1D68E1F500C9C666 /* CoreLocation.framework */; };
		84D506A21D68E1F500C9C666 /* CoreMotion.framework in Frameworks */ = {isa = PBXBuildFile; fileRef = 84D5069F1D68E1F500C9C666 /* CoreMotion.framework */; };
		84D506A31D68E1F500C9C666 /* CoreTelephony.framework in Frameworks */ = {isa = PBXBuildFile; fileRef = 84D506A01D68E1F500C9C666 /* CoreTelephony.framework */; };
		84D506A51D68E20100C9C666 /* Foundation.framework in Frameworks */ = {isa = PBXBuildFile; fileRef = 84D506A41D68E20100C9C666 /* Foundation.framework */; };
		84D506AC1D68E23700C9C666 /* MediaPlayer.framework in Frameworks */ = {isa = PBXBuildFile; fileRef = 84D506A61D68E23700C9C666 /* MediaPlayer.framework */; };
		84D506AD1D68E23700C9C666 /* QuartzCore.framework in Frameworks */ = {isa = PBXBuildFile; fileRef = 84D506A71D68E23700C9C666 /* QuartzCore.framework */; };
		84D506AE1D68E23700C9C666 /* SafariServices.framework in Frameworks */ = {isa = PBXBuildFile; fileRef = 84D506A81D68E23700C9C666 /* SafariServices.framework */; };
		84D506AF1D68E23700C9C666 /* Security.framework in Frameworks */ = {isa = PBXBuildFile; fileRef = 84D506A91D68E23700C9C666 /* Security.framework */; };
		84D506B01D68E23700C9C666 /* StoreKit.framework in Frameworks */ = {isa = PBXBuildFile; fileRef = 84D506AA1D68E23700C9C666 /* StoreKit.framework */; };
		84D506B11D68E23700C9C666 /* SystemConfiguration.framework in Frameworks */ = {isa = PBXBuildFile; fileRef = 84D506AB1D68E23700C9C666 /* SystemConfiguration.framework */; };
		84D506B41D68E25D00C9C666 /* GPGLoginButton.cpp in Sources */ = {isa = PBXBuildFile; fileRef = 84D506B21D68E25D00C9C666 /* GPGLoginButton.cpp */; };
		84D506B71D68E26600C9C666 /* AchievementManager.cpp in Sources */ = {isa = PBXBuildFile; fileRef = 84D506B51D68E26600C9C666 /* AchievementManager.cpp */; };
		84D506C01D68EC5800C9C666 /* GoogleAppUtilities.framework in Frameworks */ = {isa = PBXBuildFile; fileRef = 84D506B81D68EC5700C9C666 /* GoogleAppUtilities.framework */; };
		84D506C11D68EC5800C9C666 /* GoogleAuthUtilities.framework in Frameworks */ = {isa = PBXBuildFile; fileRef = 84D506B91D68EC5700C9C666 /* GoogleAuthUtilities.framework */; };
		84D506C21D68EC5800C9C666 /* GoogleNetworkingUtilities.framework in Frameworks */ = {isa = PBXBuildFile; fileRef = 84D506BA1D68EC5700C9C666 /* GoogleNetworkingUtilities.framework */; };
		84D506C31D68EC5800C9C666 /* GoogleOpenSource.framework in Frameworks */ = {isa = PBXBuildFile; fileRef = 84D506BB1D68EC5700C9C666 /* GoogleOpenSource.framework */; };
		84D506C41D68EC5800C9C666 /* GoogleSignIn.bundle in Resources */ = {isa = PBXBuildFile; fileRef = 84D506BC1D68EC5800C9C666 /* GoogleSignIn.bundle */; };
		84D506C51D68EC5800C9C666 /* GoogleSignIn.framework in Frameworks */ = {isa = PBXBuildFile; fileRef = 84D506BD1D68EC5800C9C666 /* GoogleSignIn.framework */; };
		84D506C61D68EC5800C9C666 /* GoogleSymbolUtilities.framework in Frameworks */ = {isa = PBXBuildFile; fileRef = 84D506BE1D68EC5800C9C666 /* GoogleSymbolUtilities.framework */; };
		84D506C71D68EC5800C9C666 /* GoogleUtilities.framework in Frameworks */ = {isa = PBXBuildFile; fileRef = 84D506BF1D68EC5800C9C666 /* GoogleUtilities.framework */; };
		84DF858F1D442D4A004D8A77 /* AppCatalog.xcassets in Resources */ = {isa = PBXBuildFile; fileRef = 84DF857A1D442D4A004D8A77 /* AppCatalog.xcassets */; };
		84DF868E1D446E9A004D8A77 /* assets2x in Resources */ = {isa = PBXBuildFile; fileRef = 84DF86891D446E9A004D8A77 /* assets2x */; };
		84DF868F1D446E9A004D8A77 /* assets3x in Resources */ = {isa = PBXBuildFile; fileRef = 84DF868A1D446E9A004D8A77 /* assets3x */; };
		84DF86901D446E9A004D8A77 /* assets4x in Resources */ = {isa = PBXBuildFile; fileRef = 84DF868B1D446E9A004D8A77 /* assets4x */; };
		84DF86911D446E9A004D8A77 /* common in Resources */ = {isa = PBXBuildFile; fileRef = 84DF868C1D446E9A004D8A77 /* common */; };
		84DF86981D446EF5004D8A77 /* BackgroundMusic.caf in Resources */ = {isa = PBXBuildFile; fileRef = 84DF86961D446EF5004D8A77 /* BackgroundMusic.caf */; };
		84DF86991D446EF5004D8A77 /* ShipConfig.plist in Resources */ = {isa = PBXBuildFile; fileRef = 84DF86971D446EF5004D8A77 /* ShipConfig.plist */; };
		84DF869D1D447201004D8A77 /* FBSDKCoreKit.framework in Frameworks */ = {isa = PBXBuildFile; fileRef = 84DF869A1D447201004D8A77 /* FBSDKCoreKit.framework */; };
		84DF869E1D447201004D8A77 /* FBSDKLoginKit.framework in Frameworks */ = {isa = PBXBuildFile; fileRef = 84DF869B1D447201004D8A77 /* FBSDKLoginKit.framework */; };
		84DF869F1D447201004D8A77 /* FBSDKShareKit.framework in Frameworks */ = {isa = PBXBuildFile; fileRef = 84DF869C1D447201004D8A77 /* FBSDKShareKit.framework */; };
		84DF86A21D447687004D8A77 /* GameKit.framework in Frameworks */ = {isa = PBXBuildFile; fileRef = 84DF86A11D447687004D8A77 /* GameKit.framework */; };
		84DF86A71D451CF1004D8A77 /* GPGManager.cpp in Sources */ = {isa = PBXBuildFile; fileRef = 84DF86A51D451CF1004D8A77 /* GPGManager.cpp */; };
		BF171245129291EC00B8313A /* OpenGLES.framework in Frameworks */ = {isa = PBXBuildFile; fileRef = BF170DB012928DE900B8313A /* OpenGLES.framework */; };
		BF1712471292920000B8313A /* libz.dylib in Frameworks */ = {isa = PBXBuildFile; fileRef = BF170DB412928DE900B8313A /* libz.dylib */; };
		BF1C47F01293687400B63C5D /* QuartzCore.framework in Frameworks */ = {isa = PBXBuildFile; fileRef = BF1C47EA1293683800B63C5D /* QuartzCore.framework */; };
		D44C620C132DFF330009C878 /* OpenAL.framework in Frameworks */ = {isa = PBXBuildFile; fileRef = D44C620B132DFF330009C878 /* OpenAL.framework */; };
		D44C620E132DFF430009C878 /* AVFoundation.framework in Frameworks */ = {isa = PBXBuildFile; fileRef = D44C620D132DFF430009C878 /* AVFoundation.framework */; };
		D44C6210132DFF4E0009C878 /* AudioToolbox.framework in Frameworks */ = {isa = PBXBuildFile; fileRef = D44C620F132DFF4E0009C878 /* AudioToolbox.framework */; };
		D6B0611B1803AB670077942B /* CoreMotion.framework in Frameworks */ = {isa = PBXBuildFile; fileRef = D6B0611A1803AB670077942B /* CoreMotion.framework */; };
		ED545A7C1B68A1F400C3958E /* libiconv.dylib in Frameworks */ = {isa = PBXBuildFile; fileRef = ED545A7B1B68A1F400C3958E /* libiconv.dylib */; };
		ED545A7E1B68A1FA00C3958E /* libiconv.dylib in Frameworks */ = {isa = PBXBuildFile; fileRef = ED545A7D1B68A1FA00C3958E /* libiconv.dylib */; };
/* End PBXBuildFile section */

/* Begin PBXContainerItemProxy section */
		1AC6FAF8180E9839004C840B /* PBXContainerItemProxy */ = {
			isa = PBXContainerItemProxy;
			containerPortal = 1AC6FAE5180E9839004C840B /* cocos2d_libs.xcodeproj */;
			proxyType = 2;
			remoteGlobalIDString = 1551A33F158F2AB200E66CFE;
			remoteInfo = "cocos2dx Mac";
		};
		1AC6FB06180E9839004C840B /* PBXContainerItemProxy */ = {
			isa = PBXContainerItemProxy;
			containerPortal = 1AC6FAE5180E9839004C840B /* cocos2d_libs.xcodeproj */;
			proxyType = 2;
			remoteGlobalIDString = A07A4D641783777C0073F6A7;
			remoteInfo = "cocos2dx iOS";
		};
		1AC6FB15180E9959004C840B /* PBXContainerItemProxy */ = {
			isa = PBXContainerItemProxy;
			containerPortal = 1AC6FAE5180E9839004C840B /* cocos2d_libs.xcodeproj */;
			proxyType = 1;
			remoteGlobalIDString = 1551A33E158F2AB200E66CFE;
			remoteInfo = "cocos2dx Mac";
		};
		1AC6FB24180E99E1004C840B /* PBXContainerItemProxy */ = {
			isa = PBXContainerItemProxy;
			containerPortal = 1AC6FAE5180E9839004C840B /* cocos2d_libs.xcodeproj */;
			proxyType = 1;
			remoteGlobalIDString = A07A4C241783777C0073F6A7;
			remoteInfo = "cocos2dx iOS";
		};
		84055A891D3F06F5000B4A04 /* PBXContainerItemProxy */ = {
			isa = PBXContainerItemProxy;
			containerPortal = 1AC6FAE5180E9839004C840B /* cocos2d_libs.xcodeproj */;
			proxyType = 2;
			remoteGlobalIDString = 507B40FD1C31BDD30067B53E;
			remoteInfo = "libcocos2d tvOS";
		};
/* End PBXContainerItemProxy section */

/* Begin PBXFileReference section */
		1AC6FAE5180E9839004C840B /* cocos2d_libs.xcodeproj */ = {isa = PBXFileReference; lastKnownFileType = "wrapper.pb-project"; name = cocos2d_libs.xcodeproj; path = ../cocos2d/build/cocos2d_libs.xcodeproj; sourceTree = "<group>"; };
		1ACB3243164770DE00914215 /* libcurl.a */ = {isa = PBXFileReference; lastKnownFileType = archive.ar; name = libcurl.a; path = ../../cocos2dx/platform/third_party/ios/libraries/libcurl.a; sourceTree = "<group>"; };
		1D30AB110D05D00D00671497 /* Foundation.framework */ = {isa = PBXFileReference; lastKnownFileType = wrapper.framework; name = Foundation.framework; path = System/Library/Frameworks/Foundation.framework; sourceTree = SDKROOT; };
		1D6058910D05DD3D006BFB54 /* SpaceExplorerPort-mobile.app */ = {isa = PBXFileReference; explicitFileType = wrapper.application; includeInIndex = 0; path = "SpaceExplorerPort-mobile.app"; sourceTree = BUILT_PRODUCTS_DIR; };
		1DF5F4DF0D08C38300B7A737 /* UIKit.framework */ = {isa = PBXFileReference; lastKnownFileType = wrapper.framework; name = UIKit.framework; path = System/Library/Frameworks/UIKit.framework; sourceTree = SDKROOT; };
		288765A40DF7441C002DB57D /* CoreGraphics.framework */ = {isa = PBXFileReference; lastKnownFileType = wrapper.framework; name = CoreGraphics.framework; path = System/Library/Frameworks/CoreGraphics.framework; sourceTree = SDKROOT; };
		294D0D631D0D56D500F7F5D4 /* CoreText.framework */ = {isa = PBXFileReference; lastKnownFileType = wrapper.framework; name = CoreText.framework; path = Platforms/iPhoneOS.platform/Developer/SDKs/iPhoneOS9.3.sdk/System/Library/Frameworks/CoreText.framework; sourceTree = DEVELOPER_DIR; };
		3EACC98E19EE6D4300EB3C5E /* res */ = {isa = PBXFileReference; lastKnownFileType = folder; path = res; sourceTree = "<group>"; };
		46880B8419C43A87006E1F66 /* AppDelegate.cpp */ = {isa = PBXFileReference; explicitFileType = sourcecode.cpp.objcpp; fileEncoding = 4; path = AppDelegate.cpp; sourceTree = "<group>"; };
		46880B8519C43A87006E1F66 /* AppDelegate.h */ = {isa = PBXFileReference; fileEncoding = 4; lastKnownFileType = sourcecode.c.h; path = AppDelegate.h; sourceTree = "<group>"; };
		503AE0F617EB97AB00D1A890 /* Icon.icns */ = {isa = PBXFileReference; lastKnownFileType = image.icns; path = Icon.icns; sourceTree = "<group>"; };
		503AE0F717EB97AB00D1A890 /* Info.plist */ = {isa = PBXFileReference; fileEncoding = 4; lastKnownFileType = text.plist.xml; path = Info.plist; sourceTree = "<group>"; };
		503AE0FA17EB989F00D1A890 /* AppController.h */ = {isa = PBXFileReference; fileEncoding = 4; lastKnownFileType = sourcecode.c.h; name = AppController.h; path = ios/AppController.h; sourceTree = SOURCE_ROOT; };
		503AE0FB17EB989F00D1A890 /* AppController.mm */ = {isa = PBXFileReference; fileEncoding = 4; lastKnownFileType = sourcecode.cpp.objcpp; name = AppController.mm; path = ios/AppController.mm; sourceTree = SOURCE_ROOT; };
		503AE0FC17EB989F00D1A890 /* main.m */ = {isa = PBXFileReference; fileEncoding = 4; lastKnownFileType = sourcecode.c.objc; name = main.m; path = ios/main.m; sourceTree = SOURCE_ROOT; };
		503AE0FD17EB989F00D1A890 /* Prefix.pch */ = {isa = PBXFileReference; fileEncoding = 4; lastKnownFileType = sourcecode.c.h; name = Prefix.pch; path = ios/Prefix.pch; sourceTree = SOURCE_ROOT; };
		503AE0FE17EB989F00D1A890 /* RootViewController.h */ = {isa = PBXFileReference; fileEncoding = 4; lastKnownFileType = sourcecode.c.h; name = RootViewController.h; path = ios/RootViewController.h; sourceTree = SOURCE_ROOT; };
		503AE0FF17EB989F00D1A890 /* RootViewController.mm */ = {isa = PBXFileReference; fileEncoding = 4; lastKnownFileType = sourcecode.cpp.objcpp; name = RootViewController.mm; path = ios/RootViewController.mm; sourceTree = SOURCE_ROOT; };
		503AE10317EB98FF00D1A890 /* main.cpp */ = {isa = PBXFileReference; fileEncoding = 4; lastKnownFileType = sourcecode.cpp.cpp; name = main.cpp; path = mac/main.cpp; sourceTree = "<group>"; };
		503AE10417EB98FF00D1A890 /* Prefix.pch */ = {isa = PBXFileReference; fileEncoding = 4; lastKnownFileType = sourcecode.c.h; name = Prefix.pch; path = mac/Prefix.pch; sourceTree = "<group>"; };
		503AE11117EB99EE00D1A890 /* libcurl.dylib */ = {isa = PBXFileReference; lastKnownFileType = "compiled.mach-o.dylib"; name = libcurl.dylib; path = usr/lib/libcurl.dylib; sourceTree = SDKROOT; };
		503AE11A17EB9C5A00D1A890 /* IOKit.framework */ = {isa = PBXFileReference; lastKnownFileType = wrapper.framework; name = IOKit.framework; path = System/Library/Frameworks/IOKit.framework; sourceTree = SDKROOT; };
		5087E76F17EB910900C73F5D /* SpaceExplorerPort-desktop.app */ = {isa = PBXFileReference; explicitFileType = wrapper.application; includeInIndex = 0; path = "SpaceExplorerPort-desktop.app"; sourceTree = BUILT_PRODUCTS_DIR; };
		5087E78817EB974C00C73F5D /* AppKit.framework */ = {isa = PBXFileReference; lastKnownFileType = wrapper.framework; name = AppKit.framework; path = System/Library/Frameworks/AppKit.framework; sourceTree = SDKROOT; };
		5087E78A17EB975400C73F5D /* OpenGL.framework */ = {isa = PBXFileReference; lastKnownFileType = wrapper.framework; name = OpenGL.framework; path = System/Library/Frameworks/OpenGL.framework; sourceTree = SDKROOT; };
		521A8EA819F11F5000D177D7 /* fonts */ = {isa = PBXFileReference; lastKnownFileType = folder; path = fonts; sourceTree = "<group>"; };
		52B47A461A53D09B004E4C60 /* Security.framework */ = {isa = PBXFileReference; lastKnownFileType = wrapper.framework; name = Security.framework; path = Platforms/iPhoneOS.platform/Developer/SDKs/iPhoneOS8.1.sdk/System/Library/Frameworks/Security.framework; sourceTree = DEVELOPER_DIR; };
		8262943D1AAF051F00CB7CF7 /* Security.framework */ = {isa = PBXFileReference; lastKnownFileType = wrapper.framework; name = Security.framework; path = System/Library/Frameworks/Security.framework; sourceTree = SDKROOT; };
		84055A8B1D3F09DA000B4A04 /* Defaults.h */ = {isa = PBXFileReference; fileEncoding = 4; lastKnownFileType = sourcecode.c.h; path = Defaults.h; sourceTree = "<group>"; };
		84055A8C1D3F09DA000B4A04 /* CollisionManager.cpp */ = {isa = PBXFileReference; fileEncoding = 4; lastKnownFileType = sourcecode.cpp.cpp; path = CollisionManager.cpp; sourceTree = "<group>"; };
		84055A8D1D3F09DA000B4A04 /* CollisionManager.h */ = {isa = PBXFileReference; fileEncoding = 4; lastKnownFileType = sourcecode.c.h; path = CollisionManager.h; sourceTree = "<group>"; };
		84055A8E1D3F09DA000B4A04 /* MotionProcessor-Backup.cpp */ = {isa = PBXFileReference; fileEncoding = 4; lastKnownFileType = sourcecode.cpp.cpp; path = "MotionProcessor-Backup.cpp"; sourceTree = "<group>"; };
		84055A8F1D3F09DA000B4A04 /* MotionProcessor.cpp */ = {isa = PBXFileReference; explicitFileType = sourcecode.cpp.objcpp; fileEncoding = 4; path = MotionProcessor.cpp; sourceTree = "<group>"; };
		84055A901D3F09DA000B4A04 /* MotionProcessor.h */ = {isa = PBXFileReference; fileEncoding = 4; lastKnownFileType = sourcecode.c.h; path = MotionProcessor.h; sourceTree = "<group>"; };
		84055A911D3F09DA000B4A04 /* MessageDialog.cpp */ = {isa = PBXFileReference; explicitFileType = sourcecode.cpp.objcpp; fileEncoding = 4; path = MessageDialog.cpp; sourceTree = "<group>"; };
		84055A921D3F09DA000B4A04 /* MessageDialog.h */ = {isa = PBXFileReference; fileEncoding = 4; lastKnownFileType = sourcecode.c.h; path = MessageDialog.h; sourceTree = "<group>"; };
		84055A931D3F09DA000B4A04 /* CustomActions.cpp */ = {isa = PBXFileReference; fileEncoding = 4; lastKnownFileType = sourcecode.cpp.cpp; path = CustomActions.cpp; sourceTree = "<group>"; };
		84055A941D3F09DA000B4A04 /* CustomActions.h */ = {isa = PBXFileReference; fileEncoding = 4; lastKnownFileType = sourcecode.c.h; path = CustomActions.h; sourceTree = "<group>"; };
		84055A951D3F09DA000B4A04 /* ShipConfig.cpp */ = {isa = PBXFileReference; fileEncoding = 4; lastKnownFileType = sourcecode.cpp.cpp; path = ShipConfig.cpp; sourceTree = "<group>"; };
		84055A961D3F09DA000B4A04 /* ShipConfig.h */ = {isa = PBXFileReference; fileEncoding = 4; lastKnownFileType = sourcecode.c.h; path = ShipConfig.h; sourceTree = "<group>"; };
		84055A971D3F09DA000B4A04 /* CustomGLPrograms.cpp */ = {isa = PBXFileReference; fileEncoding = 4; lastKnownFileType = sourcecode.cpp.cpp; path = CustomGLPrograms.cpp; sourceTree = "<group>"; };
		84055A981D3F09DA000B4A04 /* CustomGLPrograms.h */ = {isa = PBXFileReference; fileEncoding = 4; lastKnownFileType = sourcecode.c.h; path = CustomGLPrograms.h; sourceTree = "<group>"; };
		84055A991D3F09DA000B4A04 /* BlurFilter.cpp */ = {isa = PBXFileReference; fileEncoding = 4; lastKnownFileType = sourcecode.cpp.cpp; path = BlurFilter.cpp; sourceTree = "<group>"; };
		84055A9A1D3F09DA000B4A04 /* BlurFilter.h */ = {isa = PBXFileReference; fileEncoding = 4; lastKnownFileType = sourcecode.c.h; path = BlurFilter.h; sourceTree = "<group>"; };
		84055A9B1D3F09DA000B4A04 /* DownloadPicture.cpp */ = {isa = PBXFileReference; explicitFileType = sourcecode.cpp.objcpp; fileEncoding = 4; path = DownloadPicture.cpp; sourceTree = "<group>"; };
		84055A9C1D3F09DA000B4A04 /* DownloadPicture.h */ = {isa = PBXFileReference; fileEncoding = 4; lastKnownFileType = sourcecode.c.h; path = DownloadPicture.h; sourceTree = "<group>"; };
		84055A9D1D3F09DA000B4A04 /* SoundManager.cpp */ = {isa = PBXFileReference; fileEncoding = 4; lastKnownFileType = sourcecode.cpp.cpp; path = SoundManager.cpp; sourceTree = "<group>"; };
		84055A9E1D3F09DA000B4A04 /* SoundManager.h */ = {isa = PBXFileReference; fileEncoding = 4; lastKnownFileType = sourcecode.c.h; path = SoundManager.h; sourceTree = "<group>"; };
		84055A9F1D3F09DA000B4A04 /* OpenURL.cpp */ = {isa = PBXFileReference; explicitFileType = sourcecode.cpp.objcpp; fileEncoding = 4; path = OpenURL.cpp; sourceTree = "<group>"; };
		84055AA01D3F09DA000B4A04 /* OpenURL.h */ = {isa = PBXFileReference; fileEncoding = 4; lastKnownFileType = sourcecode.c.h; path = OpenURL.h; sourceTree = "<group>"; };
		84055AA11D3F09DA000B4A04 /* ScoreManager.cpp */ = {isa = PBXFileReference; fileEncoding = 4; lastKnownFileType = sourcecode.cpp.cpp; path = ScoreManager.cpp; sourceTree = "<group>"; };
		84055AA21D3F09DA000B4A04 /* ScoreManager.h */ = {isa = PBXFileReference; fileEncoding = 4; lastKnownFileType = sourcecode.c.h; path = ScoreManager.h; sourceTree = "<group>"; };
		84055AA31D3F09DA000B4A04 /* FacebookManager.cpp */ = {isa = PBXFileReference; explicitFileType = sourcecode.cpp.objcpp; fileEncoding = 4; path = FacebookManager.cpp; sourceTree = "<group>"; };
		84055AA41D3F09DA000B4A04 /* FacebookManager.h */ = {isa = PBXFileReference; fileEncoding = 4; lastKnownFileType = sourcecode.c.h; path = FacebookManager.h; sourceTree = "<group>"; };
		84055AA51D3F09DA000B4A04 /* GameCenterManager.cpp */ = {isa = PBXFileReference; explicitFileType = sourcecode.cpp.objcpp; fileEncoding = 4; path = GameCenterManager.cpp; sourceTree = "<group>"; };
		84055AA61D3F09DA000B4A04 /* GameCenterManager.h */ = {isa = PBXFileReference; fileEncoding = 4; lastKnownFileType = sourcecode.c.h; path = GameCenterManager.h; sourceTree = "<group>"; };
		84055AA71D3F09DA000B4A04 /* ExampleScoreManager.cpp */ = {isa = PBXFileReference; fileEncoding = 4; lastKnownFileType = sourcecode.cpp.cpp; path = ExampleScoreManager.cpp; sourceTree = "<group>"; };
		84055AA81D3F09DA000B4A04 /* ExampleScoreManager.h */ = {isa = PBXFileReference; fileEncoding = 4; lastKnownFileType = sourcecode.c.h; path = ExampleScoreManager.h; sourceTree = "<group>"; };
		84055AA91D3F09DA000B4A04 /* MultiPurposeScene.cpp */ = {isa = PBXFileReference; fileEncoding = 4; lastKnownFileType = sourcecode.cpp.cpp; path = MultiPurposeScene.cpp; sourceTree = "<group>"; };
		84055AAA1D3F09DA000B4A04 /* MultiPurposeScene.h */ = {isa = PBXFileReference; fileEncoding = 4; lastKnownFileType = sourcecode.c.h; path = MultiPurposeScene.h; sourceTree = "<group>"; };
		84055AAB1D3F09DA000B4A04 /* GameScene.cpp */ = {isa = PBXFileReference; fileEncoding = 4; lastKnownFileType = sourcecode.cpp.cpp; path = GameScene.cpp; sourceTree = "<group>"; };
		84055AAC1D3F09DA000B4A04 /* GameScene.h */ = {isa = PBXFileReference; fileEncoding = 4; lastKnownFileType = sourcecode.c.h; path = GameScene.h; sourceTree = "<group>"; };
		84055AAD1D3F09DA000B4A04 /* PlayerNode.cpp */ = {isa = PBXFileReference; fileEncoding = 4; lastKnownFileType = sourcecode.cpp.cpp; path = PlayerNode.cpp; sourceTree = "<group>"; };
		84055AAE1D3F09DA000B4A04 /* PlayerNode.h */ = {isa = PBXFileReference; fileEncoding = 4; lastKnownFileType = sourcecode.c.h; path = PlayerNode.h; sourceTree = "<group>"; };
		84055AAF1D3F09DA000B4A04 /* ScoreNode.cpp */ = {isa = PBXFileReference; fileEncoding = 4; lastKnownFileType = sourcecode.cpp.cpp; path = ScoreNode.cpp; sourceTree = "<group>"; };
		84055AB01D3F09DA000B4A04 /* ScoreNode.h */ = {isa = PBXFileReference; fileEncoding = 4; lastKnownFileType = sourcecode.c.h; path = ScoreNode.h; sourceTree = "<group>"; };
		84055AB11D3F09DA000B4A04 /* LifeMarker.cpp */ = {isa = PBXFileReference; fileEncoding = 4; lastKnownFileType = sourcecode.cpp.cpp; path = LifeMarker.cpp; sourceTree = "<group>"; };
		84055AB21D3F09DA000B4A04 /* LifeMarker.h */ = {isa = PBXFileReference; fileEncoding = 4; lastKnownFileType = sourcecode.c.h; path = LifeMarker.h; sourceTree = "<group>"; };
		84055AB31D3F09DA000B4A04 /* TutorialNode.cpp */ = {isa = PBXFileReference; fileEncoding = 4; lastKnownFileType = sourcecode.cpp.cpp; path = TutorialNode.cpp; sourceTree = "<group>"; };
		84055AB41D3F09DA000B4A04 /* TutorialNode.h */ = {isa = PBXFileReference; fileEncoding = 4; lastKnownFileType = sourcecode.c.h; path = TutorialNode.h; sourceTree = "<group>"; };
		84055AB51D3F09DA000B4A04 /* BezierNode.cpp */ = {isa = PBXFileReference; fileEncoding = 4; lastKnownFileType = sourcecode.cpp.cpp; path = BezierNode.cpp; sourceTree = "<group>"; };
		84055AB61D3F09DA000B4A04 /* BezierNode.h */ = {isa = PBXFileReference; fileEncoding = 4; lastKnownFileType = sourcecode.c.h; path = BezierNode.h; sourceTree = "<group>"; };
		84055AB71D3F09DA000B4A04 /* HazardSelector.cpp */ = {isa = PBXFileReference; fileEncoding = 4; lastKnownFileType = sourcecode.cpp.cpp; path = HazardSelector.cpp; sourceTree = "<group>"; };
		84055AB81D3F09DA000B4A04 /* HazardSelector-Spawners.cpp */ = {isa = PBXFileReference; fileEncoding = 4; lastKnownFileType = sourcecode.cpp.cpp; path = "HazardSelector-Spawners.cpp"; sourceTree = "<group>"; };
		84055AB91D3F09DA000B4A04 /* HazardSelector.h */ = {isa = PBXFileReference; fileEncoding = 4; lastKnownFileType = sourcecode.c.h; path = HazardSelector.h; sourceTree = "<group>"; };
		84055ABA1D3F09DA000B4A04 /* PowerupSpawner.cpp */ = {isa = PBXFileReference; fileEncoding = 4; lastKnownFileType = sourcecode.cpp.cpp; path = PowerupSpawner.cpp; sourceTree = "<group>"; };
		84055ABB1D3F09DA000B4A04 /* PowerupSpawner.h */ = {isa = PBXFileReference; fileEncoding = 4; lastKnownFileType = sourcecode.c.h; path = PowerupSpawner.h; sourceTree = "<group>"; };
		84055ABC1D3F09DA000B4A04 /* ResultNode.cpp */ = {isa = PBXFileReference; fileEncoding = 4; lastKnownFileType = sourcecode.cpp.cpp; path = ResultNode.cpp; sourceTree = "<group>"; };
		84055ABD1D3F09DA000B4A04 /* ResultNode.h */ = {isa = PBXFileReference; fileEncoding = 4; lastKnownFileType = sourcecode.c.h; path = ResultNode.h; sourceTree = "<group>"; };
		84055ABE1D3F09DA000B4A04 /* ScoreTable.cpp */ = {isa = PBXFileReference; fileEncoding = 4; lastKnownFileType = sourcecode.cpp.cpp; path = ScoreTable.cpp; sourceTree = "<group>"; };
		84055ABF1D3F09DA000B4A04 /* ScoreTable.h */ = {isa = PBXFileReference; fileEncoding = 4; lastKnownFileType = sourcecode.c.h; path = ScoreTable.h; sourceTree = "<group>"; };
		84055AC01D3F09DA000B4A04 /* BackgroundNode.cpp */ = {isa = PBXFileReference; fileEncoding = 4; lastKnownFileType = sourcecode.cpp.cpp; path = BackgroundNode.cpp; sourceTree = "<group>"; };
		84055AC11D3F09DA000B4A04 /* BackgroundNode.h */ = {isa = PBXFileReference; fileEncoding = 4; lastKnownFileType = sourcecode.c.h; path = BackgroundNode.h; sourceTree = "<group>"; };
		84055AC21D3F09DA000B4A04 /* DownloadedPhotoNode.cpp */ = {isa = PBXFileReference; fileEncoding = 4; lastKnownFileType = sourcecode.cpp.cpp; path = DownloadedPhotoNode.cpp; sourceTree = "<group>"; };
		84055AC31D3F09DA000B4A04 /* DownloadedPhotoNode.h */ = {isa = PBXFileReference; fileEncoding = 4; lastKnownFileType = sourcecode.c.h; path = DownloadedPhotoNode.h; sourceTree = "<group>"; };
		84055AC41D3F09DA000B4A04 /* FacebookLoginButton.cpp */ = {isa = PBXFileReference; fileEncoding = 4; lastKnownFileType = sourcecode.cpp.cpp; path = FacebookLoginButton.cpp; sourceTree = "<group>"; };
		84055AC51D3F09DA000B4A04 /* FacebookLoginButton.h */ = {isa = PBXFileReference; fileEncoding = 4; lastKnownFileType = sourcecode.c.h; path = FacebookLoginButton.h; sourceTree = "<group>"; };
		84D5068D1D68E19800C9C666 /* gpg.bundle */ = {isa = PBXFileReference; lastKnownFileType = "wrapper.plug-in"; name = gpg.bundle; path = "../gpg-cpp-sdk/ios/gpg.bundle"; sourceTree = "<group>"; };
		84D5068E1D68E19800C9C666 /* gpg.framework */ = {isa = PBXFileReference; lastKnownFileType = wrapper.framework; name = gpg.framework; path = "../gpg-cpp-sdk/ios/gpg.framework"; sourceTree = "<group>"; };
		84D506921D68E1A900C9C666 /* GoogleOpenSource.framework */ = {isa = PBXFileReference; lastKnownFileType = wrapper.framework; path = GoogleOpenSource.framework; sourceTree = "<group>"; };
		84D506931D68E1A900C9C666 /* GoogleSignIn.bundle */ = {isa = PBXFileReference; lastKnownFileType = "wrapper.plug-in"; path = GoogleSignIn.bundle; sourceTree = "<group>"; };
		84D506941D68E1A900C9C666 /* GoogleSignIn.framework */ = {isa = PBXFileReference; lastKnownFileType = wrapper.framework; path = GoogleSignIn.framework; sourceTree = "<group>"; };
		84D506981D68E1D500C9C666 /* AddressBook.framework */ = {isa = PBXFileReference; lastKnownFileType = wrapper.framework; name = AddressBook.framework; path = Platforms/iPhoneOS.platform/Developer/SDKs/iPhoneOS9.3.sdk/System/Library/Frameworks/AddressBook.framework; sourceTree = DEVELOPER_DIR; };
		84D5069A1D68E1DA00C9C666 /* AssetsLibrary.framework */ = {isa = PBXFileReference; lastKnownFileType = wrapper.framework; name = AssetsLibrary.framework; path = Platforms/iPhoneOS.platform/Developer/SDKs/iPhoneOS9.3.sdk/System/Library/Frameworks/AssetsLibrary.framework; sourceTree = DEVELOPER_DIR; };
		84D5069C1D68E1E000C9C666 /* CoreData.framework */ = {isa = PBXFileReference; lastKnownFileType = wrapper.framework; name = CoreData.framework; path = Platforms/iPhoneOS.platform/Developer/SDKs/iPhoneOS9.3.sdk/System/Library/Frameworks/CoreData.framework; sourceTree = DEVELOPER_DIR; };
		84D5069E1D68E1F500C9C666 /* CoreLocation.framework */ = {isa = PBXFileReference; lastKnownFileType = wrapper.framework; name = CoreLocation.framework; path = Platforms/iPhoneOS.platform/Developer/SDKs/iPhoneOS9.3.sdk/System/Library/Frameworks/CoreLocation.framework; sourceTree = DEVELOPER_DIR; };
		84D5069F1D68E1F500C9C666 /* CoreMotion.framework */ = {isa = PBXFileReference; lastKnownFileType = wrapper.framework; name = CoreMotion.framework; path = Platforms/iPhoneOS.platform/Developer/SDKs/iPhoneOS9.3.sdk/System/Library/Frameworks/CoreMotion.framework; sourceTree = DEVELOPER_DIR; };
		84D506A01D68E1F500C9C666 /* CoreTelephony.framework */ = {isa = PBXFileReference; lastKnownFileType = wrapper.framework; name = CoreTelephony.framework; path = Platforms/iPhoneOS.platform/Developer/SDKs/iPhoneOS9.3.sdk/System/Library/Frameworks/CoreTelephony.framework; sourceTree = DEVELOPER_DIR; };
		84D506A41D68E20100C9C666 /* Foundation.framework */ = {isa = PBXFileReference; lastKnownFileType = wrapper.framework; name = Foundation.framework; path = Platforms/iPhoneOS.platform/Developer/SDKs/iPhoneOS9.3.sdk/System/Library/Frameworks/Foundation.framework; sourceTree = DEVELOPER_DIR; };
		84D506A61D68E23700C9C666 /* MediaPlayer.framework */ = {isa = PBXFileReference; lastKnownFileType = wrapper.framework; name = MediaPlayer.framework; path = Platforms/iPhoneOS.platform/Developer/SDKs/iPhoneOS9.3.sdk/System/Library/Frameworks/MediaPlayer.framework; sourceTree = DEVELOPER_DIR; };
		84D506A71D68E23700C9C666 /* QuartzCore.framework */ = {isa = PBXFileReference; lastKnownFileType = wrapper.framework; name = QuartzCore.framework; path = Platforms/iPhoneOS.platform/Developer/SDKs/iPhoneOS9.3.sdk/System/Library/Frameworks/QuartzCore.framework; sourceTree = DEVELOPER_DIR; };
		84D506A81D68E23700C9C666 /* SafariServices.framework */ = {isa = PBXFileReference; lastKnownFileType = wrapper.framework; name = SafariServices.framework; path = Platforms/iPhoneOS.platform/Developer/SDKs/iPhoneOS9.3.sdk/System/Library/Frameworks/SafariServices.framework; sourceTree = DEVELOPER_DIR; };
		84D506A91D68E23700C9C666 /* Security.framework */ = {isa = PBXFileReference; lastKnownFileType = wrapper.framework; name = Security.framework; path = Platforms/iPhoneOS.platform/Developer/SDKs/iPhoneOS9.3.sdk/System/Library/Frameworks/Security.framework; sourceTree = DEVELOPER_DIR; };
		84D506AA1D68E23700C9C666 /* StoreKit.framework */ = {isa = PBXFileReference; lastKnownFileType = wrapper.framework; name = StoreKit.framework; path = Platforms/iPhoneOS.platform/Developer/SDKs/iPhoneOS9.3.sdk/System/Library/Frameworks/StoreKit.framework; sourceTree = DEVELOPER_DIR; };
		84D506AB1D68E23700C9C666 /* SystemConfiguration.framework */ = {isa = PBXFileReference; lastKnownFileType = wrapper.framework; name = SystemConfiguration.framework; path = Platforms/iPhoneOS.platform/Developer/SDKs/iPhoneOS9.3.sdk/System/Library/Frameworks/SystemConfiguration.framework; sourceTree = DEVELOPER_DIR; };
		84D506B21D68E25D00C9C666 /* GPGLoginButton.cpp */ = {isa = PBXFileReference; fileEncoding = 4; lastKnownFileType = sourcecode.cpp.cpp; path = GPGLoginButton.cpp; sourceTree = "<group>"; };
		84D506B31D68E25D00C9C666 /* GPGLoginButton.h */ = {isa = PBXFileReference; fileEncoding = 4; lastKnownFileType = sourcecode.c.h; path = GPGLoginButton.h; sourceTree = "<group>"; };
		84D506B51D68E26600C9C666 /* AchievementManager.cpp */ = {isa = PBXFileReference; fileEncoding = 4; lastKnownFileType = sourcecode.cpp.cpp; path = AchievementManager.cpp; sourceTree = "<group>"; };
		84D506B61D68E26600C9C666 /* AchievementManager.h */ = {isa = PBXFileReference; fileEncoding = 4; lastKnownFileType = sourcecode.c.h; path = AchievementManager.h; sourceTree = "<group>"; };
		84D506B81D68EC5700C9C666 /* GoogleAppUtilities.framework */ = {isa = PBXFileReference; lastKnownFileType = wrapper.framework; path = GoogleAppUtilities.framework; sourceTree = "<group>"; };
		84D506B91D68EC5700C9C666 /* GoogleAuthUtilities.framework */ = {isa = PBXFileReference; lastKnownFileType = wrapper.framework; path = GoogleAuthUtilities.framework; sourceTree = "<group>"; };
		84D506BA1D68EC5700C9C666 /* GoogleNetworkingUtilities.framework */ = {isa = PBXFileReference; lastKnownFileType = wrapper.framework; path = GoogleNetworkingUtilities.framework; sourceTree = "<group>"; };
		84D506BB1D68EC5700C9C666 /* GoogleOpenSource.framework */ = {isa = PBXFileReference; lastKnownFileType = wrapper.framework; path = GoogleOpenSource.framework; sourceTree = "<group>"; };
		84D506BC1D68EC5800C9C666 /* GoogleSignIn.bundle */ = {isa = PBXFileReference; lastKnownFileType = "wrapper.plug-in"; path = GoogleSignIn.bundle; sourceTree = "<group>"; };
		84D506BD1D68EC5800C9C666 /* GoogleSignIn.framework */ = {isa = PBXFileReference; lastKnownFileType = wrapper.framework; path = GoogleSignIn.framework; sourceTree = "<group>"; };
		84D506BE1D68EC5800C9C666 /* GoogleSymbolUtilities.framework */ = {isa = PBXFileReference; lastKnownFileType = wrapper.framework; path = GoogleSymbolUtilities.framework; sourceTree = "<group>"; };
		84D506BF1D68EC5800C9C666 /* GoogleUtilities.framework */ = {isa = PBXFileReference; lastKnownFileType = wrapper.framework; path = GoogleUtilities.framework; sourceTree = "<group>"; };
		84DF857A1D442D4A004D8A77 /* AppCatalog.xcassets */ = {isa = PBXFileReference; lastKnownFileType = folder.assetcatalog; name = AppCatalog.xcassets; path = ios/AppCatalog.xcassets; sourceTree = SOURCE_ROOT; };
		84DF85A21D446C8C004D8A77 /* Info.plist */ = {isa = PBXFileReference; fileEncoding = 4; lastKnownFileType = sourcecode.mxml; name = Info.plist; path = ios/Info.plist; sourceTree = SOURCE_ROOT; };
		84DF86891D446E9A004D8A77 /* assets2x */ = {isa = PBXFileReference; lastKnownFileType = folder; name = assets2x; path = ../GameAssets/assets2x; sourceTree = "<group>"; };
		84DF868A1D446E9A004D8A77 /* assets3x */ = {isa = PBXFileReference; lastKnownFileType = folder; name = assets3x; path = ../GameAssets/assets3x; sourceTree = "<group>"; };
		84DF868B1D446E9A004D8A77 /* assets4x */ = {isa = PBXFileReference; lastKnownFileType = folder; name = assets4x; path = ../GameAssets/assets4x; sourceTree = "<group>"; };
		84DF868C1D446E9A004D8A77 /* common */ = {isa = PBXFileReference; lastKnownFileType = folder; name = common; path = ../GameAssets/common; sourceTree = "<group>"; };
		84DF86961D446EF5004D8A77 /* BackgroundMusic.caf */ = {isa = PBXFileReference; lastKnownFileType = file; path = BackgroundMusic.caf; sourceTree = "<group>"; };
		84DF86971D446EF5004D8A77 /* ShipConfig.plist */ = {isa = PBXFileReference; fileEncoding = 4; lastKnownFileType = sourcecode.mxml; path = ShipConfig.plist; sourceTree = "<group>"; };
		84DF869A1D447201004D8A77 /* FBSDKCoreKit.framework */ = {isa = PBXFileReference; lastKnownFileType = wrapper.framework; name = FBSDKCoreKit.framework; path = ../../../FacebookSDK/FBSDKCoreKit.framework; sourceTree = "<group>"; };
		84DF869B1D447201004D8A77 /* FBSDKLoginKit.framework */ = {isa = PBXFileReference; lastKnownFileType = wrapper.framework; name = FBSDKLoginKit.framework; path = ../../../FacebookSDK/FBSDKLoginKit.framework; sourceTree = "<group>"; };
		84DF869C1D447201004D8A77 /* FBSDKShareKit.framework */ = {isa = PBXFileReference; lastKnownFileType = wrapper.framework; name = FBSDKShareKit.framework; path = ../../../FacebookSDK/FBSDKShareKit.framework; sourceTree = "<group>"; };
		84DF86A11D447687004D8A77 /* GameKit.framework */ = {isa = PBXFileReference; lastKnownFileType = wrapper.framework; name = GameKit.framework; path = Platforms/iPhoneOS.platform/Developer/SDKs/iPhoneOS9.3.sdk/System/Library/Frameworks/GameKit.framework; sourceTree = DEVELOPER_DIR; };
		84DF86A51D451CF1004D8A77 /* GPGManager.cpp */ = {isa = PBXFileReference; explicitFileType = sourcecode.cpp.objcpp; fileEncoding = 4; path = GPGManager.cpp; sourceTree = "<group>"; };
		84DF86A61D451CF1004D8A77 /* GPGManager.h */ = {isa = PBXFileReference; fileEncoding = 4; lastKnownFileType = sourcecode.c.h; path = GPGManager.h; sourceTree = "<group>"; };
		BF170DB012928DE900B8313A /* OpenGLES.framework */ = {isa = PBXFileReference; lastKnownFileType = wrapper.framework; name = OpenGLES.framework; path = System/Library/Frameworks/OpenGLES.framework; sourceTree = SDKROOT; };
		BF170DB412928DE900B8313A /* libz.dylib */ = {isa = PBXFileReference; lastKnownFileType = "compiled.mach-o.dylib"; name = libz.dylib; path = usr/lib/libz.dylib; sourceTree = SDKROOT; };
		BF1C47EA1293683800B63C5D /* QuartzCore.framework */ = {isa = PBXFileReference; lastKnownFileType = wrapper.framework; name = QuartzCore.framework; path = System/Library/Frameworks/QuartzCore.framework; sourceTree = SDKROOT; };
		D44C620B132DFF330009C878 /* OpenAL.framework */ = {isa = PBXFileReference; lastKnownFileType = wrapper.framework; name = OpenAL.framework; path = System/Library/Frameworks/OpenAL.framework; sourceTree = SDKROOT; };
		D44C620D132DFF430009C878 /* AVFoundation.framework */ = {isa = PBXFileReference; lastKnownFileType = wrapper.framework; name = AVFoundation.framework; path = System/Library/Frameworks/AVFoundation.framework; sourceTree = SDKROOT; };
		D44C620F132DFF4E0009C878 /* AudioToolbox.framework */ = {isa = PBXFileReference; lastKnownFileType = wrapper.framework; name = AudioToolbox.framework; path = System/Library/Frameworks/AudioToolbox.framework; sourceTree = SDKROOT; };
		D6B0611A1803AB670077942B /* CoreMotion.framework */ = {isa = PBXFileReference; lastKnownFileType = wrapper.framework; name = CoreMotion.framework; path = Platforms/iPhoneOS.platform/Developer/SDKs/iPhoneOS7.0.sdk/System/Library/Frameworks/CoreMotion.framework; sourceTree = DEVELOPER_DIR; };
		ED545A7B1B68A1F400C3958E /* libiconv.dylib */ = {isa = PBXFileReference; lastKnownFileType = "compiled.mach-o.dylib"; name = libiconv.dylib; path = Platforms/iPhoneOS.platform/Developer/SDKs/iPhoneOS8.4.sdk/usr/lib/libiconv.dylib; sourceTree = DEVELOPER_DIR; };
		ED545A7D1B68A1FA00C3958E /* libiconv.dylib */ = {isa = PBXFileReference; lastKnownFileType = "compiled.mach-o.dylib"; name = libiconv.dylib; path = usr/lib/libiconv.dylib; sourceTree = SDKROOT; };
/* End PBXFileReference section */

/* Begin PBXFrameworksBuildPhase section */
		1D60588F0D05DD3D006BFB54 /* Frameworks */ = {
			isa = PBXFrameworksBuildPhase;
			buildActionMask = 2147483647;
			files = (
				84D506AC1D68E23700C9C666 /* MediaPlayer.framework in Frameworks */,
				84D506AD1D68E23700C9C666 /* QuartzCore.framework in Frameworks */,
				84D506C61D68EC5800C9C666 /* GoogleSymbolUtilities.framework in Frameworks */,
				84D506C31D68EC5800C9C666 /* GoogleOpenSource.framework in Frameworks */,
				84D506AE1D68E23700C9C666 /* SafariServices.framework in Frameworks */,
				84D506AF1D68E23700C9C666 /* Security.framework in Frameworks */,
				84D506B01D68E23700C9C666 /* StoreKit.framework in Frameworks */,
				84D506B11D68E23700C9C666 /* SystemConfiguration.framework in Frameworks */,
				84D506A51D68E20100C9C666 /* Foundation.framework in Frameworks */,
				84D506A11D68E1F500C9C666 /* CoreLocation.framework in Frameworks */,
				84D506A21D68E1F500C9C666 /* CoreMotion.framework in Frameworks */,
				84D506A31D68E1F500C9C666 /* CoreTelephony.framework in Frameworks */,
				294D0D641D0D56D500F7F5D4 /* CoreText.framework in Frameworks */,
				84D506C01D68EC5800C9C666 /* GoogleAppUtilities.framework in Frameworks */,
				84D5069D1D68E1E100C9C666 /* CoreData.framework in Frameworks */,
				84D5069B1D68E1DA00C9C666 /* AssetsLibrary.framework in Frameworks */,
				84D506991D68E1D500C9C666 /* AddressBook.framework in Frameworks */,
				84D506C51D68EC5800C9C666 /* GoogleSignIn.framework in Frameworks */,
				84D506901D68E19800C9C666 /* gpg.framework in Frameworks */,
				84D506C21D68EC5800C9C666 /* GoogleNetworkingUtilities.framework in Frameworks */,
				84DF86A21D447687004D8A77 /* GameKit.framework in Frameworks */,
				84DF869D1D447201004D8A77 /* FBSDKCoreKit.framework in Frameworks */,
				84DF869E1D447201004D8A77 /* FBSDKLoginKit.framework in Frameworks */,
				84DF869F1D447201004D8A77 /* FBSDKShareKit.framework in Frameworks */,
				ED545A7C1B68A1F400C3958E /* libiconv.dylib in Frameworks */,
				84D506971D68E1A900C9C666 /* GoogleSignIn.framework in Frameworks */,
				52B47A471A53D09C004E4C60 /* Security.framework in Frameworks */,
				1AC6FB30180E99EB004C840B /* libcocos2d iOS.a in Frameworks */,
				D6B0611B1803AB670077942B /* CoreMotion.framework in Frameworks */,
				84D506951D68E1A900C9C666 /* GoogleOpenSource.framework in Frameworks */,
				1D60589F0D05DD5A006BFB54 /* Foundation.framework in Frameworks */,
				1DF5F4E00D08C38300B7A737 /* UIKit.framework in Frameworks */,
				84D506C11D68EC5800C9C666 /* GoogleAuthUtilities.framework in Frameworks */,
				288765A50DF7441C002DB57D /* CoreGraphics.framework in Frameworks */,
				BF171245129291EC00B8313A /* OpenGLES.framework in Frameworks */,
				BF1712471292920000B8313A /* libz.dylib in Frameworks */,
				BF1C47F01293687400B63C5D /* QuartzCore.framework in Frameworks */,
				84D506C71D68EC5800C9C666 /* GoogleUtilities.framework in Frameworks */,
				D44C620C132DFF330009C878 /* OpenAL.framework in Frameworks */,
				D44C620E132DFF430009C878 /* AVFoundation.framework in Frameworks */,
				D44C6210132DFF4E0009C878 /* AudioToolbox.framework in Frameworks */,
			);
			runOnlyForDeploymentPostprocessing = 0;
		};
		5087E75C17EB910900C73F5D /* Frameworks */ = {
			isa = PBXFrameworksBuildPhase;
			buildActionMask = 2147483647;
			files = (
				ED545A7E1B68A1FA00C3958E /* libiconv.dylib in Frameworks */,
				1AC6FB21180E996B004C840B /* libcocos2d Mac.a in Frameworks */,
				5087E76717EB910900C73F5D /* libz.dylib in Frameworks */,
				8262943E1AAF051F00CB7CF7 /* Security.framework in Frameworks */,
				503AE11B17EB9C5A00D1A890 /* IOKit.framework in Frameworks */,
				5087E78B17EB975400C73F5D /* OpenGL.framework in Frameworks */,
				5087E78917EB974C00C73F5D /* AppKit.framework in Frameworks */,
				5087E76317EB910900C73F5D /* Foundation.framework in Frameworks */,
				5087E76817EB910900C73F5D /* QuartzCore.framework in Frameworks */,
				5087E76917EB910900C73F5D /* OpenAL.framework in Frameworks */,
				5087E76A17EB910900C73F5D /* AVFoundation.framework in Frameworks */,
				5087E76B17EB910900C73F5D /* AudioToolbox.framework in Frameworks */,
			);
			runOnlyForDeploymentPostprocessing = 0;
		};
/* End PBXFrameworksBuildPhase section */

/* Begin PBXGroup section */
		080E96DDFE201D6D7F000001 /* ios */ = {
			isa = PBXGroup;
			children = (
				84DF85A21D446C8C004D8A77 /* Info.plist */,
				84DF857A1D442D4A004D8A77 /* AppCatalog.xcassets */,
				5087E77117EB970100C73F5D /* Icons */,
				503AE0FA17EB989F00D1A890 /* AppController.h */,
				503AE0FB17EB989F00D1A890 /* AppController.mm */,
				503AE0FC17EB989F00D1A890 /* main.m */,
				503AE0FD17EB989F00D1A890 /* Prefix.pch */,
				503AE0FE17EB989F00D1A890 /* RootViewController.h */,
				503AE0FF17EB989F00D1A890 /* RootViewController.mm */,
			);
			name = ios;
			path = Classes;
			sourceTree = "<group>";
		};
		19C28FACFE9D520D11CA2CBB /* Products */ = {
			isa = PBXGroup;
			children = (
				1D6058910D05DD3D006BFB54 /* SpaceExplorerPort-mobile.app */,
				5087E76F17EB910900C73F5D /* SpaceExplorerPort-desktop.app */,
			);
			name = Products;
			sourceTree = "<group>";
		};
		1AC6FAE6180E9839004C840B /* Products */ = {
			isa = PBXGroup;
			children = (
				1AC6FAF9180E9839004C840B /* libcocos2d Mac.a */,
				1AC6FB07180E9839004C840B /* libcocos2d iOS.a */,
				84055A8A1D3F06F5000B4A04 /* libcocos2d tvOS.a */,
			);
			name = Products;
			sourceTree = "<group>";
		};
		29B97314FDCFA39411CA2CEA /* CustomTemplate */ = {
			isa = PBXGroup;
			children = (
				46880B8319C43A87006E1F66 /* Classes */,
				46880B7519C43A67006E1F66 /* Resources */,
				1AC6FAE5180E9839004C840B /* cocos2d_libs.xcodeproj */,
				29B97323FDCFA39411CA2CEA /* Frameworks */,
				080E96DDFE201D6D7F000001 /* ios */,
				503AE10617EB990700D1A890 /* mac */,
				19C28FACFE9D520D11CA2CBB /* Products */,
			);
			name = CustomTemplate;
			sourceTree = "<group>";
		};
		29B97323FDCFA39411CA2CEA /* Frameworks */ = {
			isa = PBXGroup;
			children = (
				84D506B81D68EC5700C9C666 /* GoogleAppUtilities.framework */,
				84D506B91D68EC5700C9C666 /* GoogleAuthUtilities.framework */,
				84D506BA1D68EC5700C9C666 /* GoogleNetworkingUtilities.framework */,
				84D506BB1D68EC5700C9C666 /* GoogleOpenSource.framework */,
				84D506BC1D68EC5800C9C666 /* GoogleSignIn.bundle */,
				84D506BD1D68EC5800C9C666 /* GoogleSignIn.framework */,
				84D506BE1D68EC5800C9C666 /* GoogleSymbolUtilities.framework */,
				84D506BF1D68EC5800C9C666 /* GoogleUtilities.framework */,
				84D506A61D68E23700C9C666 /* MediaPlayer.framework */,
				84D506A71D68E23700C9C666 /* QuartzCore.framework */,
				84D506A81D68E23700C9C666 /* SafariServices.framework */,
				84D506A91D68E23700C9C666 /* Security.framework */,
				84D506AA1D68E23700C9C666 /* StoreKit.framework */,
				84D506AB1D68E23700C9C666 /* SystemConfiguration.framework */,
				84D506A41D68E20100C9C666 /* Foundation.framework */,
				84D5069E1D68E1F500C9C666 /* CoreLocation.framework */,
				84D5069F1D68E1F500C9C666 /* CoreMotion.framework */,
				84D506A01D68E1F500C9C666 /* CoreTelephony.framework */,
				84D5069C1D68E1E000C9C666 /* CoreData.framework */,
				84D5069A1D68E1DA00C9C666 /* AssetsLibrary.framework */,
				84D506981D68E1D500C9C666 /* AddressBook.framework */,
				84D506921D68E1A900C9C666 /* GoogleOpenSource.framework */,
				84D506931D68E1A900C9C666 /* GoogleSignIn.bundle */,
				84D506941D68E1A900C9C666 /* GoogleSignIn.framework */,
				84D5068D1D68E19800C9C666 /* gpg.bundle */,
				84D5068E1D68E19800C9C666 /* gpg.framework */,
				84DF86A11D447687004D8A77 /* GameKit.framework */,
				84DF869A1D447201004D8A77 /* FBSDKCoreKit.framework */,
				84DF869B1D447201004D8A77 /* FBSDKLoginKit.framework */,
				84DF869C1D447201004D8A77 /* FBSDKShareKit.framework */,
				294D0D631D0D56D500F7F5D4 /* CoreText.framework */,
				ED545A7D1B68A1FA00C3958E /* libiconv.dylib */,
				ED545A7B1B68A1F400C3958E /* libiconv.dylib */,
				8262943D1AAF051F00CB7CF7 /* Security.framework */,
				52B47A461A53D09B004E4C60 /* Security.framework */,
				D6B0611A1803AB670077942B /* CoreMotion.framework */,
				503AE11A17EB9C5A00D1A890 /* IOKit.framework */,
				503AE11117EB99EE00D1A890 /* libcurl.dylib */,
				5087E78A17EB975400C73F5D /* OpenGL.framework */,
				5087E78817EB974C00C73F5D /* AppKit.framework */,
				1ACB3243164770DE00914215 /* libcurl.a */,
				BF170DB412928DE900B8313A /* libz.dylib */,
				D44C620F132DFF4E0009C878 /* AudioToolbox.framework */,
				D44C620D132DFF430009C878 /* AVFoundation.framework */,
				288765A40DF7441C002DB57D /* CoreGraphics.framework */,
				1D30AB110D05D00D00671497 /* Foundation.framework */,
				D44C620B132DFF330009C878 /* OpenAL.framework */,
				BF170DB012928DE900B8313A /* OpenGLES.framework */,
				BF1C47EA1293683800B63C5D /* QuartzCore.framework */,
				1DF5F4DF0D08C38300B7A737 /* UIKit.framework */,
			);
			name = Frameworks;
			sourceTree = "<group>";
		};
		46880B7519C43A67006E1F66 /* Resources */ = {
			isa = PBXGroup;
			children = (
				84DF86961D446EF5004D8A77 /* BackgroundMusic.caf */,
				84DF86971D446EF5004D8A77 /* ShipConfig.plist */,
				84DF86891D446E9A004D8A77 /* assets2x */,
				84DF868A1D446E9A004D8A77 /* assets3x */,
				84DF868B1D446E9A004D8A77 /* assets4x */,
				84DF868C1D446E9A004D8A77 /* common */,
				521A8EA819F11F5000D177D7 /* fonts */,
				3EACC98E19EE6D4300EB3C5E /* res */,
			);
			name = Resources;
			path = ../Resources;
			sourceTree = "<group>";
		};
		46880B8319C43A87006E1F66 /* Classes */ = {
			isa = PBXGroup;
			children = (
				46880B8419C43A87006E1F66 /* AppDelegate.cpp */,
				46880B8519C43A87006E1F66 /* AppDelegate.h */,
				84055AE41D3F09EC000B4A04 /* Utility Files */,
				84055AE51D3F09FE000B4A04 /* Social Experience Managers */,
				84055AE61D3F0A0B000B4A04 /* Scenes */,
				84055AE71D3F0A15000B4A04 /* Custom Nodes */,
			);
			name = Classes;
			path = ../Classes;
			sourceTree = "<group>";
		};
		503AE0F517EB97AB00D1A890 /* Icons */ = {
			isa = PBXGroup;
			children = (
				503AE0F617EB97AB00D1A890 /* Icon.icns */,
				503AE0F717EB97AB00D1A890 /* Info.plist */,
			);
			name = Icons;
			path = mac;
			sourceTree = SOURCE_ROOT;
		};
		503AE10617EB990700D1A890 /* mac */ = {
			isa = PBXGroup;
			children = (
				503AE0F517EB97AB00D1A890 /* Icons */,
				503AE10317EB98FF00D1A890 /* main.cpp */,
				503AE10417EB98FF00D1A890 /* Prefix.pch */,
			);
			name = mac;
			sourceTree = "<group>";
		};
		5087E77117EB970100C73F5D /* Icons */ = {
			isa = PBXGroup;
			children = (
			);
			name = Icons;
			path = ios;
			sourceTree = SOURCE_ROOT;
		};
		84055AE41D3F09EC000B4A04 /* Utility Files */ = {
			isa = PBXGroup;
			children = (
				84D506B21D68E25D00C9C666 /* GPGLoginButton.cpp */,
				84D506B31D68E25D00C9C666 /* GPGLoginButton.h */,
				84055A8B1D3F09DA000B4A04 /* Defaults.h */,
				84055A8C1D3F09DA000B4A04 /* CollisionManager.cpp */,
				84055A8D1D3F09DA000B4A04 /* CollisionManager.h */,
				84055A8E1D3F09DA000B4A04 /* MotionProcessor-Backup.cpp */,
				84055A8F1D3F09DA000B4A04 /* MotionProcessor.cpp */,
				84055A901D3F09DA000B4A04 /* MotionProcessor.h */,
				84055A911D3F09DA000B4A04 /* MessageDialog.cpp */,
				84055A921D3F09DA000B4A04 /* MessageDialog.h */,
				84055A931D3F09DA000B4A04 /* CustomActions.cpp */,
				84055A941D3F09DA000B4A04 /* CustomActions.h */,
				84055A951D3F09DA000B4A04 /* ShipConfig.cpp */,
				84055A961D3F09DA000B4A04 /* ShipConfig.h */,
				84055A971D3F09DA000B4A04 /* CustomGLPrograms.cpp */,
				84055A981D3F09DA000B4A04 /* CustomGLPrograms.h */,
				84055A991D3F09DA000B4A04 /* BlurFilter.cpp */,
				84055A9A1D3F09DA000B4A04 /* BlurFilter.h */,
				84055A9B1D3F09DA000B4A04 /* DownloadPicture.cpp */,
				84055A9C1D3F09DA000B4A04 /* DownloadPicture.h */,
				84055A9D1D3F09DA000B4A04 /* SoundManager.cpp */,
				84055A9E1D3F09DA000B4A04 /* SoundManager.h */,
				84055A9F1D3F09DA000B4A04 /* OpenURL.cpp */,
				84055AA01D3F09DA000B4A04 /* OpenURL.h */,
			);
			name = "Utility Files";
			sourceTree = "<group>";
		};
		84055AE51D3F09FE000B4A04 /* Social Experience Managers */ = {
			isa = PBXGroup;
			children = (
				84D506B51D68E26600C9C666 /* AchievementManager.cpp */,
				84D506B61D68E26600C9C666 /* AchievementManager.h */,
				84055AA11D3F09DA000B4A04 /* ScoreManager.cpp */,
				84055AA21D3F09DA000B4A04 /* ScoreManager.h */,
				84055AA31D3F09DA000B4A04 /* FacebookManager.cpp */,
				84055AA41D3F09DA000B4A04 /* FacebookManager.h */,
				84055AA51D3F09DA000B4A04 /* GameCenterManager.cpp */,
				84055AA61D3F09DA000B4A04 /* GameCenterManager.h */,
				84055AA71D3F09DA000B4A04 /* ExampleScoreManager.cpp */,
				84055AA81D3F09DA000B4A04 /* ExampleScoreManager.h */,
				84DF86A51D451CF1004D8A77 /* GPGManager.cpp */,
				84DF86A61D451CF1004D8A77 /* GPGManager.h */,
			);
			name = "Social Experience Managers";
			sourceTree = "<group>";
		};
		84055AE61D3F0A0B000B4A04 /* Scenes */ = {
			isa = PBXGroup;
			children = (
				84055AA91D3F09DA000B4A04 /* MultiPurposeScene.cpp */,
				84055AAA1D3F09DA000B4A04 /* MultiPurposeScene.h */,
				84055AAB1D3F09DA000B4A04 /* GameScene.cpp */,
				84055AAC1D3F09DA000B4A04 /* GameScene.h */,
			);
			name = Scenes;
			sourceTree = "<group>";
		};
		84055AE71D3F0A15000B4A04 /* Custom Nodes */ = {
			isa = PBXGroup;
			children = (
				84055AAD1D3F09DA000B4A04 /* PlayerNode.cpp */,
				84055AAE1D3F09DA000B4A04 /* PlayerNode.h */,
				84055AAF1D3F09DA000B4A04 /* ScoreNode.cpp */,
				84055AB01D3F09DA000B4A04 /* ScoreNode.h */,
				84055AB11D3F09DA000B4A04 /* LifeMarker.cpp */,
				84055AB21D3F09DA000B4A04 /* LifeMarker.h */,
				84055AB31D3F09DA000B4A04 /* TutorialNode.cpp */,
				84055AB41D3F09DA000B4A04 /* TutorialNode.h */,
				84055AB51D3F09DA000B4A04 /* BezierNode.cpp */,
				84055AB61D3F09DA000B4A04 /* BezierNode.h */,
				84055AB71D3F09DA000B4A04 /* HazardSelector.cpp */,
				84055AB81D3F09DA000B4A04 /* HazardSelector-Spawners.cpp */,
				84055AB91D3F09DA000B4A04 /* HazardSelector.h */,
				84055ABA1D3F09DA000B4A04 /* PowerupSpawner.cpp */,
				84055ABB1D3F09DA000B4A04 /* PowerupSpawner.h */,
				84055ABC1D3F09DA000B4A04 /* ResultNode.cpp */,
				84055ABD1D3F09DA000B4A04 /* ResultNode.h */,
				84055ABE1D3F09DA000B4A04 /* ScoreTable.cpp */,
				84055ABF1D3F09DA000B4A04 /* ScoreTable.h */,
				84055AC01D3F09DA000B4A04 /* BackgroundNode.cpp */,
				84055AC11D3F09DA000B4A04 /* BackgroundNode.h */,
				84055AC21D3F09DA000B4A04 /* DownloadedPhotoNode.cpp */,
				84055AC31D3F09DA000B4A04 /* DownloadedPhotoNode.h */,
				84055AC41D3F09DA000B4A04 /* FacebookLoginButton.cpp */,
				84055AC51D3F09DA000B4A04 /* FacebookLoginButton.h */,
			);
			name = "Custom Nodes";
			sourceTree = "<group>";
		};
/* End PBXGroup section */

/* Begin PBXNativeTarget section */
		1D6058900D05DD3D006BFB54 /* SpaceExplorerPort-mobile */ = {
			isa = PBXNativeTarget;
			buildConfigurationList = 1D6058960D05DD3E006BFB54 /* Build configuration list for PBXNativeTarget "SpaceExplorerPort-mobile" */;
			buildPhases = (
				1D60588D0D05DD3D006BFB54 /* Resources */,
				1D60588E0D05DD3D006BFB54 /* Sources */,
				1D60588F0D05DD3D006BFB54 /* Frameworks */,
			);
			buildRules = (
			);
			dependencies = (
				1AC6FB25180E99E1004C840B /* PBXTargetDependency */,
			);
			name = "SpaceExplorerPort-mobile";
			productName = iphone;
			productReference = 1D6058910D05DD3D006BFB54 /* SpaceExplorerPort-mobile.app */;
			productType = "com.apple.product-type.application";
		};
		5087E73D17EB910900C73F5D /* SpaceExplorerPort-desktop */ = {
			isa = PBXNativeTarget;
			buildConfigurationList = 5087E76C17EB910900C73F5D /* Build configuration list for PBXNativeTarget "SpaceExplorerPort-desktop" */;
			buildPhases = (
				5087E74817EB910900C73F5D /* Resources */,
				5087E75617EB910900C73F5D /* Sources */,
				5087E75C17EB910900C73F5D /* Frameworks */,
			);
			buildRules = (
			);
			dependencies = (
				1AC6FB16180E9959004C840B /* PBXTargetDependency */,
			);
			name = "SpaceExplorerPort-desktop";
			productName = iphone;
			productReference = 5087E76F17EB910900C73F5D /* SpaceExplorerPort-desktop.app */;
			productType = "com.apple.product-type.application";
		};
/* End PBXNativeTarget section */

/* Begin PBXProject section */
		29B97313FDCFA39411CA2CEA /* Project object */ = {
			isa = PBXProject;
			attributes = {
				LastUpgradeCheck = 0500;
				TargetAttributes = {
					1D6058900D05DD3D006BFB54 = {
						DevelopmentTeam = PNB7G679EW;
					};
				};
			};
			buildConfigurationList = C01FCF4E08A954540054247B /* Build configuration list for PBXProject "SpaceExplorerPort" */;
			compatibilityVersion = "Xcode 3.2";
			developmentRegion = English;
			hasScannedForEncodings = 1;
			knownRegions = (
				English,
				Japanese,
				French,
				German,
			);
			mainGroup = 29B97314FDCFA39411CA2CEA /* CustomTemplate */;
			projectDirPath = "";
			projectReferences = (
				{
					ProductGroup = 1AC6FAE6180E9839004C840B /* Products */;
					ProjectRef = 1AC6FAE5180E9839004C840B /* cocos2d_libs.xcodeproj */;
				},
			);
			projectRoot = "";
			targets = (
				1D6058900D05DD3D006BFB54 /* SpaceExplorerPort-mobile */,
				5087E73D17EB910900C73F5D /* SpaceExplorerPort-desktop */,
			);
		};
/* End PBXProject section */

/* Begin PBXReferenceProxy section */
		1AC6FAF9180E9839004C840B /* libcocos2d Mac.a */ = {
			isa = PBXReferenceProxy;
			fileType = archive.ar;
			path = "libcocos2d Mac.a";
			remoteRef = 1AC6FAF8180E9839004C840B /* PBXContainerItemProxy */;
			sourceTree = BUILT_PRODUCTS_DIR;
		};
		1AC6FB07180E9839004C840B /* libcocos2d iOS.a */ = {
			isa = PBXReferenceProxy;
			fileType = archive.ar;
			path = "libcocos2d iOS.a";
			remoteRef = 1AC6FB06180E9839004C840B /* PBXContainerItemProxy */;
			sourceTree = BUILT_PRODUCTS_DIR;
		};
		84055A8A1D3F06F5000B4A04 /* libcocos2d tvOS.a */ = {
			isa = PBXReferenceProxy;
			fileType = archive.ar;
			path = "libcocos2d tvOS.a";
			remoteRef = 84055A891D3F06F5000B4A04 /* PBXContainerItemProxy */;
			sourceTree = BUILT_PRODUCTS_DIR;
		};
/* End PBXReferenceProxy section */

/* Begin PBXResourcesBuildPhase section */
		1D60588D0D05DD3D006BFB54 /* Resources */ = {
			isa = PBXResourcesBuildPhase;
			buildActionMask = 2147483647;
			files = (
				84DF86901D446E9A004D8A77 /* assets4x in Resources */,
				521A8EA919F11F5000D177D7 /* fonts in Resources */,
				84D506961D68E1A900C9C666 /* GoogleSignIn.bundle in Resources */,
				84D5068F1D68E19800C9C666 /* gpg.bundle in Resources */,
				84D506C41D68EC5800C9C666 /* GoogleSignIn.bundle in Resources */,
				84DF86991D446EF5004D8A77 /* ShipConfig.plist in Resources */,
				84DF868F1D446E9A004D8A77 /* assets3x in Resources */,
				3EACC98F19EE6D4300EB3C5E /* res in Resources */,
				84DF86981D446EF5004D8A77 /* BackgroundMusic.caf in Resources */,
				84DF858F1D442D4A004D8A77 /* AppCatalog.xcassets in Resources */,
				84DF868E1D446E9A004D8A77 /* assets2x in Resources */,
				84DF86911D446E9A004D8A77 /* common in Resources */,
			);
			runOnlyForDeploymentPostprocessing = 0;
		};
		5087E74817EB910900C73F5D /* Resources */ = {
			isa = PBXResourcesBuildPhase;
			buildActionMask = 2147483647;
			files = (
				503AE0F817EB97AB00D1A890 /* Icon.icns in Resources */,
				3EACC99019EE6D4300EB3C5E /* res in Resources */,
				521A8EAA19F11F5000D177D7 /* fonts in Resources */,
			);
			runOnlyForDeploymentPostprocessing = 0;
		};
/* End PBXResourcesBuildPhase section */

/* Begin PBXSourcesBuildPhase section */
		1D60588E0D05DD3D006BFB54 /* Sources */ = {
			isa = PBXSourcesBuildPhase;
			buildActionMask = 2147483647;
			files = (
				46880B8819C43A87006E1F66 /* AppDelegate.cpp in Sources */,
				84055AD91D3F09DA000B4A04 /* LifeMarker.cpp in Sources */,
				84055AD21D3F09DA000B4A04 /* FacebookManager.cpp in Sources */,
				84055AC81D3F09DA000B4A04 /* MotionProcessor.cpp in Sources */,
				84055ACD1D3F09DA000B4A04 /* BlurFilter.cpp in Sources */,
				84055AD61D3F09DA000B4A04 /* GameScene.cpp in Sources */,
				503AE10017EB989F00D1A890 /* AppController.mm in Sources */,
				84055AE31D3F09DA000B4A04 /* FacebookLoginButton.cpp in Sources */,
				84055AD51D3F09DA000B4A04 /* MultiPurposeScene.cpp in Sources */,
				84D506B71D68E26600C9C666 /* AchievementManager.cpp in Sources */,
				84055ACC1D3F09DA000B4A04 /* CustomGLPrograms.cpp in Sources */,
				84D506B41D68E25D00C9C666 /* GPGLoginButton.cpp in Sources */,
				84055AE11D3F09DA000B4A04 /* BackgroundNode.cpp in Sources */,
				84055ADE1D3F09DA000B4A04 /* PowerupSpawner.cpp in Sources */,
				84055ACA1D3F09DA000B4A04 /* CustomActions.cpp in Sources */,
				503AE10217EB989F00D1A890 /* RootViewController.mm in Sources */,
				84055ADA1D3F09DA000B4A04 /* TutorialNode.cpp in Sources */,
				84055AD81D3F09DA000B4A04 /* ScoreNode.cpp in Sources */,
				84055AD01D3F09DA000B4A04 /* OpenURL.cpp in Sources */,
				84055ADB1D3F09DA000B4A04 /* BezierNode.cpp in Sources */,
				84055AD11D3F09DA000B4A04 /* ScoreManager.cpp in Sources */,
				84055ACB1D3F09DA000B4A04 /* ShipConfig.cpp in Sources */,
				84055AE01D3F09DA000B4A04 /* ScoreTable.cpp in Sources */,
				84055ADF1D3F09DA000B4A04 /* ResultNode.cpp in Sources */,
				84DF86A71D451CF1004D8A77 /* GPGManager.cpp in Sources */,
				84055AC61D3F09DA000B4A04 /* CollisionManager.cpp in Sources */,
				84055ADC1D3F09DA000B4A04 /* HazardSelector.cpp in Sources */,
				84055ADD1D3F09DA000B4A04 /* HazardSelector-Spawners.cpp in Sources */,
				84055AD71D3F09DA000B4A04 /* PlayerNode.cpp in Sources */,
				84055AC71D3F09DA000B4A04 /* MotionProcessor-Backup.cpp in Sources */,
				503AE10117EB989F00D1A890 /* main.m in Sources */,
				84055AD31D3F09DA000B4A04 /* GameCenterManager.cpp in Sources */,
				84055ACF1D3F09DA000B4A04 /* SoundManager.cpp in Sources */,
				84055AE21D3F09DA000B4A04 /* DownloadedPhotoNode.cpp in Sources */,
				84055ACE1D3F09DA000B4A04 /* DownloadPicture.cpp in Sources */,
				84055AD41D3F09DA000B4A04 /* ExampleScoreManager.cpp in Sources */,
				84055AC91D3F09DA000B4A04 /* MessageDialog.cpp in Sources */,
			);
			runOnlyForDeploymentPostprocessing = 0;
		};
		5087E75617EB910900C73F5D /* Sources */ = {
			isa = PBXSourcesBuildPhase;
			buildActionMask = 2147483647;
			files = (
				46880B8919C43A87006E1F66 /* AppDelegate.cpp in Sources */,
				503AE10517EB98FF00D1A890 /* main.cpp in Sources */,
			);
			runOnlyForDeploymentPostprocessing = 0;
		};
/* End PBXSourcesBuildPhase section */

/* Begin PBXTargetDependency section */
		1AC6FB16180E9959004C840B /* PBXTargetDependency */ = {
			isa = PBXTargetDependency;
			name = "cocos2dx Mac";
			targetProxy = 1AC6FB15180E9959004C840B /* PBXContainerItemProxy */;
		};
		1AC6FB25180E99E1004C840B /* PBXTargetDependency */ = {
			isa = PBXTargetDependency;
			name = "cocos2dx iOS";
			targetProxy = 1AC6FB24180E99E1004C840B /* PBXContainerItemProxy */;
		};
/* End PBXTargetDependency section */

/* Begin XCBuildConfiguration section */
		1D6058940D05DD3E006BFB54 /* Debug */ = {
			isa = XCBuildConfiguration;
			buildSettings = {
				ALWAYS_SEARCH_USER_PATHS = YES;
				ASSETCATALOG_COMPILER_APPICON_NAME = AppIcon;
				ASSETCATALOG_COMPILER_LAUNCHIMAGE_NAME = LaunchImage;
				CODE_SIGN_IDENTITY = "iPhone Developer";
				COMPRESS_PNG_FILES = NO;
				ENABLE_BITCODE = NO;
				FRAMEWORK_SEARCH_PATHS = (
					"$(PROJECT_DIR)/../gpg-cpp-sdk/ios",
					"$(PROJECT_DIR)",
				);
				GCC_DYNAMIC_NO_PIC = NO;
				GCC_INLINES_ARE_PRIVATE_EXTERN = NO;
				GCC_PRECOMPILE_PREFIX_HEADER = YES;
				GCC_PREFIX_HEADER = ios/Prefix.pch;
				GCC_PREPROCESSOR_DEFINITIONS = (
					USE_FILE32API,
					"COCOS2D_DEBUG=1",
					"CC_ENABLE_CHIPMUNK_INTEGRATION=1",
				);
				GCC_SYMBOLS_PRIVATE_EXTERN = NO;
				HEADER_SEARCH_PATHS = "$(inherited)";
				INFOPLIST_FILE = ios/Info.plist;
				IPHONEOS_DEPLOYMENT_TARGET = 7.0;
				LIBRARY_SEARCH_PATHS = "";
				OTHER_LDFLAGS = (
					"-ObjC",
					"$(_COCOS_LIB_IOS_BEGIN)",
					"$(_COCOS_LIB_IOS_END)",
				);
				SDKROOT = iphoneos;
				STRIP_PNG_TEXT = NO;
				TARGETED_DEVICE_FAMILY = "1,2";
				USER_HEADER_SEARCH_PATHS = "$(_COCOS_HEADER_IOS_BEGIN) $(_COCOS_HEADER_IOS_END)";
				VALID_ARCHS = "arm64 armv7";
			};
			name = Debug;
		};
		1D6058950D05DD3E006BFB54 /* Release */ = {
			isa = XCBuildConfiguration;
			buildSettings = {
				ALWAYS_SEARCH_USER_PATHS = YES;
				ASSETCATALOG_COMPILER_APPICON_NAME = AppIcon;
				ASSETCATALOG_COMPILER_LAUNCHIMAGE_NAME = LaunchImage;
				CODE_SIGN_IDENTITY = "iPhone Developer";
				COMPRESS_PNG_FILES = NO;
				ENABLE_BITCODE = NO;
				FRAMEWORK_SEARCH_PATHS = (
					"$(PROJECT_DIR)/../gpg-cpp-sdk/ios",
					"$(PROJECT_DIR)",
				);
				GCC_INLINES_ARE_PRIVATE_EXTERN = NO;
				GCC_PRECOMPILE_PREFIX_HEADER = YES;
				GCC_PREFIX_HEADER = ios/Prefix.pch;
				GCC_PREPROCESSOR_DEFINITIONS = (
					USE_FILE32API,
					"CC_ENABLE_CHIPMUNK_INTEGRATION=1",
				);
				GCC_SYMBOLS_PRIVATE_EXTERN = NO;
				HEADER_SEARCH_PATHS = "$(inherited)";
				INFOPLIST_FILE = ios/Info.plist;
				IPHONEOS_DEPLOYMENT_TARGET = 7.0;
				LIBRARY_SEARCH_PATHS = "";
				OTHER_LDFLAGS = (
					"-ObjC",
					"$(_COCOS_LIB_IOS_BEGIN)",
					"$(_COCOS_LIB_IOS_END)",
				);
				SDKROOT = iphoneos;
				STRIP_PNG_TEXT = NO;
				TARGETED_DEVICE_FAMILY = "1,2";
				USER_HEADER_SEARCH_PATHS = "$(_COCOS_HEADER_IOS_BEGIN) $(_COCOS_HEADER_IOS_END)";
				VALID_ARCHS = "arm64 armv7";
			};
			name = Release;
		};
		5087E76D17EB910900C73F5D /* Debug */ = {
			isa = XCBuildConfiguration;
			buildSettings = {
				ALWAYS_SEARCH_USER_PATHS = YES;
				ARCHS = "$(ARCHS_STANDARD_64_BIT)";
				CLANG_CXX_LANGUAGE_STANDARD = "c++0x";
				CLANG_CXX_LIBRARY = "libc++";
				GCC_DYNAMIC_NO_PIC = NO;
				GCC_INLINES_ARE_PRIVATE_EXTERN = NO;
				GCC_PRECOMPILE_PREFIX_HEADER = YES;
				GCC_PREFIX_HEADER = mac/Prefix.pch;
				GCC_PREPROCESSOR_DEFINITIONS = (
					USE_FILE32API,
					"COCOS2D_DEBUG=1",
					"CC_ENABLE_CHIPMUNK_INTEGRATION=1",
				);
				GCC_SYMBOLS_PRIVATE_EXTERN = NO;
				HEADER_SEARCH_PATHS = (
					"$(inherited)",
					"$(SRCROOT)/../cocos2d/external/glfw3/include/mac",
				);
				INFOPLIST_FILE = mac/Info.plist;
				LIBRARY_SEARCH_PATHS = "";
				OTHER_LDFLAGS = (
					"$(_COCOS_LIB_MAC_BEGIN)",
					"$(_COCOS_LIB_MAC_END)",
				);
				USER_HEADER_SEARCH_PATHS = "$(_COCOS_HEADER_MAC_BEGIN) $(_COCOS_HEADER_MAC_END)";
			};
			name = Debug;
		};
		5087E76E17EB910900C73F5D /* Release */ = {
			isa = XCBuildConfiguration;
			buildSettings = {
				ALWAYS_SEARCH_USER_PATHS = YES;
				ARCHS = "$(ARCHS_STANDARD_64_BIT)";
				CLANG_CXX_LANGUAGE_STANDARD = "c++0x";
				CLANG_CXX_LIBRARY = "libc++";
				GCC_INLINES_ARE_PRIVATE_EXTERN = NO;
				GCC_PRECOMPILE_PREFIX_HEADER = YES;
				GCC_PREFIX_HEADER = mac/Prefix.pch;
				GCC_PREPROCESSOR_DEFINITIONS = (
					USE_FILE32API,
					"CC_ENABLE_CHIPMUNK_INTEGRATION=1",
				);
				GCC_SYMBOLS_PRIVATE_EXTERN = NO;
				HEADER_SEARCH_PATHS = (
					"$(inherited)",
					"$(SRCROOT)/../cocos2d/external/glfw3/include/mac",
				);
				INFOPLIST_FILE = mac/Info.plist;
				LIBRARY_SEARCH_PATHS = "";
				OTHER_LDFLAGS = (
					"$(_COCOS_LIB_MAC_BEGIN)",
					"$(_COCOS_LIB_MAC_END)",
				);
				USER_HEADER_SEARCH_PATHS = "$(_COCOS_HEADER_MAC_BEGIN) $(_COCOS_HEADER_MAC_END)";
			};
			name = Release;
		};
		C01FCF4F08A954540054247B /* Debug */ = {
			isa = XCBuildConfiguration;
			buildSettings = {
				CLANG_CXX_LANGUAGE_STANDARD = "c++0x";
				CLANG_CXX_LIBRARY = "libc++";
				COPY_PHASE_STRIP = NO;
				GCC_OPTIMIZATION_LEVEL = 0;
				GCC_WARN_ABOUT_RETURN_TYPE = YES;
				GCC_WARN_UNUSED_VARIABLE = YES;
				HEADER_SEARCH_PATHS = (
					"$(SRCROOT)/../cocos2d",
					"$(SRCROOT)/../cocos2d/cocos/audio/include",
					"$(SRCROOT)/../cocos2d/cocos",
					"$(SRCROOT)/../cocos2d/extensions",
					"$(SRCROOT)/../cocos2d/external",
					"$(SRCROOT)/../cocos2d/external/chipmunk/include/chipmunk",
				);
				IPHONEOS_DEPLOYMENT_TARGET = 6.0;
				MACOSX_DEPLOYMENT_TARGET = 10.7;
				ONLY_ACTIVE_ARCH = YES;
				PRODUCT_NAME = "$(TARGET_NAME)";
				SDKROOT = macosx;
			};
			name = Debug;
		};
		C01FCF5008A954540054247B /* Release */ = {
			isa = XCBuildConfiguration;
			buildSettings = {
				CLANG_CXX_LANGUAGE_STANDARD = "c++0x";
				CLANG_CXX_LIBRARY = "libc++";
				GCC_WARN_ABOUT_RETURN_TYPE = YES;
				GCC_WARN_UNUSED_VARIABLE = YES;
				HEADER_SEARCH_PATHS = (
					"$(SRCROOT)/../cocos2d",
					"$(SRCROOT)/../cocos2d/cocos/audio/include",
					"$(SRCROOT)/../cocos2d/cocos",
					"$(SRCROOT)/../cocos2d/extensions",
					"$(SRCROOT)/../cocos2d/external",
					"$(SRCROOT)/../cocos2d/external/chipmunk/include/chipmunk",
				);
				IPHONEOS_DEPLOYMENT_TARGET = 6.0;
				MACOSX_DEPLOYMENT_TARGET = 10.7;
				OTHER_CFLAGS = "-DNS_BLOCK_ASSERTIONS=1";
				PRODUCT_NAME = "$(TARGET_NAME)";
				SDKROOT = macosx;
				VALIDATE_PRODUCT = YES;
			};
			name = Release;
		};
/* End XCBuildConfiguration section */

/* Begin XCConfigurationList section */
		1D6058960D05DD3E006BFB54 /* Build configuration list for PBXNativeTarget "SpaceExplorerPort-mobile" */ = {
			isa = XCConfigurationList;
			buildConfigurations = (
				1D6058940D05DD3E006BFB54 /* Debug */,
				1D6058950D05DD3E006BFB54 /* Release */,
			);
			defaultConfigurationIsVisible = 0;
			defaultConfigurationName = Debug;
		};
		5087E76C17EB910900C73F5D /* Build configuration list for PBXNativeTarget "SpaceExplorerPort-desktop" */ = {
			isa = XCConfigurationList;
			buildConfigurations = (
				5087E76D17EB910900C73F5D /* Debug */,
				5087E76E17EB910900C73F5D /* Release */,
			);
			defaultConfigurationIsVisible = 0;
			defaultConfigurationName = Debug;
		};
		C01FCF4E08A954540054247B /* Build configuration list for PBXProject "SpaceExplorerPort" */ = {
			isa = XCConfigurationList;
			buildConfigurations = (
				C01FCF4F08A954540054247B /* Debug */,
				C01FCF5008A954540054247B /* Release */,
			);
			defaultConfigurationIsVisible = 0;
			defaultConfigurationName = Debug;
		};
/* End XCConfigurationList section */
	};
	rootObject = 29B97313FDCFA39411CA2CEA /* Project object */;
}
